lockfileVersion: '9.0'

settings:
  autoInstallPeers: true
  excludeLinksFromLockfile: false

importers:

  .:
    dependencies:
      antd:
        specifier: 6.6.3
        version: 6.6.3(react-dom@18.3.1(react@18.3.1))(react@18.3.1)
      lucide-react:
        specifier: 0.468.0
        version: 0.468.0(react@18.3.1)
      react:
        specifier: 18.3.1
        version: 18.3.1
      react-dom:
        specifier: 18.3.1
        version: 18.3.1(react@18.3.1)
    devDependencies:
      '@playwright/test':
        specifier: 1.58.2
        version: 1.58.2
      '@types/react':
        specifier: 18.3.18
        version: 18.3.18
      esbuild:
        specifier: 0.25.5
        version: 0.25.5
      prettier:
        specifier: 3.5.3
        version: 3.5.3
      tar:
        specifier: 7.5.22
        version: 7.5.22
      typescript:
        specifier: 5.8.3
        version: 5.8.3

packages:

  '@ant-design/colors@8.0.1':
    resolution: {integrity: sha512-foPVl0+SWIslGUtD/xBr1p9U4AKzPhNYEseXYRRo5QSzGACYZrQbe11AYJbYfAWnWSpGBx6JjBmSeugUsD9vqQ==}

  '@ant-design/cssinjs-utils@2.1.2':
    resolution: {integrity: sha512-5fTHQ158jJJ5dC/ECeyIdZUzKxE/mpEMRZxthyG1sw/AKRHKgJBg00Yi6ACVXgycdje7KahRNvNET/uBccwCnA==}
    peerDependencies:
      react: '>=18'
      react-dom: '>=18'

  '@ant-design/cssinjs@2.1.2':
    resolution: {integrity: sha512-2Hy8BnCEH31xPeSLbhhB2ctCPXE2ZnASdi+KbSeS79BNbUhL9hAEe20SkUk+BR8aKTmqb6+FKFruk7w8z0VoRQ==}
    peerDependencies:
      react: '>=16.0.0'
      react-dom: '>=16.0.0'

  '@ant-design/fast-color@3.0.1':
    resolution: {integrity: sha512-esKJegpW4nckh0o6kV3Tkb7NPIZYbPnnFxmQDUmL08ukXZAvV85TZBr70eGuke/CIArLaP6aw8lt9KILjnWuOw==}
    engines: {node: '>=8.x'}

  '@ant-design/icons-svg@4.6.0':
    resolution: {integrity: sha512-PRomU725ABMf/lnQp5HiB7my1kjEbFY0D10N4lXYxK6TIB1gKjIVD5MRThpDaezLgw1D774J8eOeeDB0M6wHrQ==}

  '@ant-design/icons@6.3.4':
    resolution: {integrity: sha512-kDoUlppczVyCUTFthF6cHmPzMBYqNZQhu9j6EyIX/YIdM9j9CZNZoJUjzVw7/1v1VO8WwVMmPp15r/uwIAS0AQ==}
    engines: {node: '>=8'}
    peerDependencies:
      react: '>=16.0.0'
      react-dom: '>=16.0.0'

  '@ant-design/react-slick@2.0.0':
    resolution: {integrity: sha512-HMS9sRoEmZey8LsE/Yo6+klhlzU12PisjrVcydW3So7RdklyEd2qehyU6a7Yp+OYN72mgsYs3NFCyP2lCPFVqg==}
    peerDependencies:
      react: ^0.14.0 || ^15.0.1 || ^16.0.0 || ^17.0.0 || ^18.0.0 || ^19.0.0
      react-dom: ^0.14.0 || ^15.0.1 || ^16.0.0 || ^17.0.0 || ^18.0.0 || ^19.0.0

  '@babel/runtime@7.29.7':
    resolution: {integrity: sha512-Nq8OhGWiZIZGV6hLHoyAKLLcJihP/xFeBMGJoUrxTX2psI8dCifzLhZISFb+VWS3wFMRDmCGw5R+dOySCqPLhw==}
    engines: {node: '>=6.9.0'}

  '@babel/runtime@8.0.0':
    resolution: {integrity: sha512-sL6cvO2IfkSu/iU+zs2S/w01B7A8V7suXSIKEN4hPFFdZoiPGxrj5pAG0lCaqLWiEIrjKzdznIWuaLcxPR53qw==}

  '@emotion/hash@0.8.0':
    resolution: {integrity: sha512-kBJtf7PH6aWwZ6fka3zQ0p6SBYzx4fl1LoZXE2RrnYST9Xljm7WfKJrU4g/Xr3Beg72MLrp1AWNUmuYJTL7Cow==}

  '@emotion/unitless@0.7.5':
    resolution: {integrity: sha512-OWORNpfjMsSSUBVrRBVGECkhWcULOAJz9ZW8uK9qgxD+87M7jHRcvh/A96XXNhXTLmKcoYSQtBEX7lHMO7YRwg==}

  '@esbuild/aix-ppc64@0.25.5':
    resolution: {integrity: sha512-9o3TMmpmftaCMepOdA5k/yDw8SfInyzWWTjYTFCX3kPSDJMROQTb8jg+h9Cnwnmm1vOzvxN7gIfB5V2ewpjtGA==}
    engines: {node: '>=18'}
    cpu: [ppc64]
    os: [aix]

  '@esbuild/android-arm64@0.25.5':
    resolution: {integrity: sha512-VGzGhj4lJO+TVGV1v8ntCZWJktV7SGCs3Pn1GRWI1SBFtRALoomm8k5E9Pmwg3HOAal2VDc2F9+PM/rEY6oIDg==}
    engines: {node: '>=18'}
    cpu: [arm64]
    os: [android]

  '@esbuild/android-arm@0.25.5':
    resolution: {integrity: sha512-AdJKSPeEHgi7/ZhuIPtcQKr5RQdo6OO2IL87JkianiMYMPbCtot9fxPbrMiBADOWWm3T2si9stAiVsGbTQFkbA==}
    engines: {node: '>=18'}
    cpu: [arm]
    os: [android]

  '@esbuild/android-x64@0.25.5':
    resolution: {integrity: sha512-D2GyJT1kjvO//drbRT3Hib9XPwQeWd9vZoBJn+bu/lVsOZ13cqNdDeqIF/xQ5/VmWvMduP6AmXvylO/PIc2isw==}
    engines: {node: '>=18'}
    cpu: [x64]
    os: [android]

  '@esbuild/darwin-arm64@0.25.5':
    resolution: {integrity: sha512-GtaBgammVvdF7aPIgH2jxMDdivezgFu6iKpmT+48+F8Hhg5J/sfnDieg0aeG/jfSvkYQU2/pceFPDKlqZzwnfQ==}
    engines: {node: '>=18'}
    cpu: [arm64]
    os: [darwin]

  '@esbuild/darwin-x64@0.25.5':
    resolution: {integrity: sha512-1iT4FVL0dJ76/q1wd7XDsXrSW+oLoquptvh4CLR4kITDtqi2e/xwXwdCVH8hVHU43wgJdsq7Gxuzcs6Iq/7bxQ==}
    engines: {node: '>=18'}
    cpu: [x64]
    os: [darwin]

  '@esbuild/freebsd-arm64@0.25.5':
    resolution: {integrity: sha512-nk4tGP3JThz4La38Uy/gzyXtpkPW8zSAmoUhK9xKKXdBCzKODMc2adkB2+8om9BDYugz+uGV7sLmpTYzvmz6Sw==}
    engines: {node: '>=18'}
    cpu: [arm64]
    os: [freebsd]

  '@esbuild/freebsd-x64@0.25.5':
    resolution: {integrity: sha512-PrikaNjiXdR2laW6OIjlbeuCPrPaAl0IwPIaRv+SMV8CiM8i2LqVUHFC1+8eORgWyY7yhQY+2U2fA55mBzReaw==}
    engines: {node: '>=18'}
    cpu: [x64]
    os: [freebsd]

  '@esbuild/linux-arm64@0.25.5':
    resolution: {integrity: sha512-Z9kfb1v6ZlGbWj8EJk9T6czVEjjq2ntSYLY2cw6pAZl4oKtfgQuS4HOq41M/BcoLPzrUbNd+R4BXFyH//nHxVg==}
    engines: {node: '>=18'}
    cpu: [arm64]
    os: [linux]

  '@esbuild/linux-arm@0.25.5':
    resolution: {integrity: sha512-cPzojwW2okgh7ZlRpcBEtsX7WBuqbLrNXqLU89GxWbNt6uIg78ET82qifUy3W6OVww6ZWobWub5oqZOVtwolfw==}
    engines: {node: '>=18'}
    cpu: [arm]
    os: [linux]

  '@esbuild/linux-ia32@0.25.5':
    resolution: {integrity: sha512-sQ7l00M8bSv36GLV95BVAdhJ2QsIbCuCjh/uYrWiMQSUuV+LpXwIqhgJDcvMTj+VsQmqAHL2yYaasENvJ7CDKA==}
    engines: {node: '>=18'}
    cpu: [ia32]
    os: [linux]

  '@esbuild/linux-loong64@0.25.5':
    resolution: {integrity: sha512-0ur7ae16hDUC4OL5iEnDb0tZHDxYmuQyhKhsPBV8f99f6Z9KQM02g33f93rNH5A30agMS46u2HP6qTdEt6Q1kg==}
    engines: {node: '>=18'}
    cpu: [loong64]
    os: [linux]

  '@esbuild/linux-mips64el@0.25.5':
    resolution: {integrity: sha512-kB/66P1OsHO5zLz0i6X0RxlQ+3cu0mkxS3TKFvkb5lin6uwZ/ttOkP3Z8lfR9mJOBk14ZwZ9182SIIWFGNmqmg==}
    engines: {node: '>=18'}
    cpu: [mips64el]
    os: [linux]

  '@esbuild/linux-ppc64@0.25.5':
    resolution: {integrity: sha512-UZCmJ7r9X2fe2D6jBmkLBMQetXPXIsZjQJCjgwpVDz+YMcS6oFR27alkgGv3Oqkv07bxdvw7fyB71/olceJhkQ==}
    engines: {node: '>=18'}
    cpu: [ppc64]
    os: [linux]

  '@esbuild/linux-riscv64@0.25.5':
    resolution: {integrity: sha512-kTxwu4mLyeOlsVIFPfQo+fQJAV9mh24xL+y+Bm6ej067sYANjyEw1dNHmvoqxJUCMnkBdKpvOn0Ahql6+4VyeA==}
    engines: {node: '>=18'}
    cpu: [riscv64]
    os: [linux]

  '@esbuild/linux-s390x@0.25.5':
    resolution: {integrity: sha512-K2dSKTKfmdh78uJ3NcWFiqyRrimfdinS5ErLSn3vluHNeHVnBAFWC8a4X5N+7FgVE1EjXS1QDZbpqZBjfrqMTQ==}
    engines: {node: '>=18'}
    cpu: [s390x]
    os: [linux]

  '@esbuild/linux-x64@0.25.5':
    resolution: {integrity: sha512-uhj8N2obKTE6pSZ+aMUbqq+1nXxNjZIIjCjGLfsWvVpy7gKCOL6rsY1MhRh9zLtUtAI7vpgLMK6DxjO8Qm9lJw==}
    engines: {node: '>=18'}
    cpu: [x64]
    os: [linux]

  '@esbuild/netbsd-arm64@0.25.5':
    resolution: {integrity: sha512-pwHtMP9viAy1oHPvgxtOv+OkduK5ugofNTVDilIzBLpoWAM16r7b/mxBvfpuQDpRQFMfuVr5aLcn4yveGvBZvw==}
    engines: {node: '>=18'}
    cpu: [arm64]
    os: [netbsd]

  '@esbuild/netbsd-x64@0.25.5':
    resolution: {integrity: sha512-WOb5fKrvVTRMfWFNCroYWWklbnXH0Q5rZppjq0vQIdlsQKuw6mdSihwSo4RV/YdQ5UCKKvBy7/0ZZYLBZKIbwQ==}
    engines: {node: '>=18'}
    cpu: [x64]
    os: [netbsd]

  '@esbuild/openbsd-arm64@0.25.5':
    resolution: {integrity: sha512-7A208+uQKgTxHd0G0uqZO8UjK2R0DDb4fDmERtARjSHWxqMTye4Erz4zZafx7Di9Cv+lNHYuncAkiGFySoD+Mw==}
    engines: {node: '>=18'}
    cpu: [arm64]
    os: [openbsd]

  '@esbuild/openbsd-x64@0.25.5':
    resolution: {integrity: sha512-G4hE405ErTWraiZ8UiSoesH8DaCsMm0Cay4fsFWOOUcz8b8rC6uCvnagr+gnioEjWn0wC+o1/TAHt+It+MpIMg==}
    engines: {node: '>=18'}
    cpu: [x64]
    os: [openbsd]

  '@esbuild/sunos-x64@0.25.5':
    resolution: {integrity: sha512-l+azKShMy7FxzY0Rj4RCt5VD/q8mG/e+mDivgspo+yL8zW7qEwctQ6YqKX34DTEleFAvCIUviCFX1SDZRSyMQA==}
    engines: {node: '>=18'}
    cpu: [x64]
    os: [sunos]

  '@esbuild/win32-arm64@0.25.5':
    resolution: {integrity: sha512-O2S7SNZzdcFG7eFKgvwUEZ2VG9D/sn/eIiz8XRZ1Q/DO5a3s76Xv0mdBzVM5j5R639lXQmPmSo0iRpHqUUrsxw==}
    engines: {node: '>=18'}
    cpu: [arm64]
    os: [win32]

  '@esbuild/win32-ia32@0.25.5':
    resolution: {integrity: sha512-onOJ02pqs9h1iMJ1PQphR+VZv8qBMQ77Klcsqv9CNW2w6yLqoURLcgERAIurY6QE63bbLuqgP9ATqajFLK5AMQ==}
    engines: {node: '>=18'}
    cpu: [ia32]
    os: [win32]

  '@esbuild/win32-x64@0.25.5':
    resolution: {integrity: sha512-TXv6YnJ8ZMVdX+SXWVBo/0p8LTcrUYngpWjvm91TMjjBQii7Oz11Lw5lbDV5Y0TzuhSJHwiH4hEtC1I42mMS0g==}
    engines: {node: '>=18'}
    cpu: [x64]
    os: [win32]

  '@isaacs/fs-minipass@4.0.1':
    resolution: {integrity: sha512-wgm9Ehl2jpeqP3zw/7mo3kRHFp5MEDhqAdwy1fTGkHAwnkGOVsgpvQhL8B5n1qlb01jV3n/bI0ZfZp5lWA1k4w==}
    engines: {node: '>=18.0.0'}

  '@playwright/test@1.58.2':
    resolution: {integrity: sha512-akea+6bHYBBfA9uQqSYmlJXn61cTa+jbO87xVLCWbTqbWadRVmhxlXATaOjOgcBaWU4ePo0wB41KMFv3o35IXA==}
    engines: {node: '>=18'}
    hasBin: true

  '@rc-component/async-validator@6.0.0':
    resolution: {integrity: sha512-D3AGQwdyE58gmvx6waVSXJ80JGO+IY5L2O8HDnSOex7JNlzB3GuN/4hyHNTdhy2qtOhkpbIjmeAN3tL993wKbA==}
    engines: {node: '>=14.x'}

  '@rc-component/cascader@1.22.0':
    resolution: {integrity: sha512-SffrA57aS9oub3VuI7ajPhJTPtaNxngSvtRhD40Rd8dwJ5vfWPSrVanWgeepdWFGBt7EHftIK5RUU0u3rCTwWw==}
    peerDependencies:
      react: '>=18.0.0'
      react-dom: '>=18.0.0'

  '@rc-component/checkbox@2.0.0':
    resolution: {integrity: sha512-3CXGPpAR9gsPKeO2N78HAPOzU30UdemD6HGJoWVJOpa6WleaGB5kzZj3v6bdTZab31YuWgY/RxV3VKPctn0DwQ==}
    peerDependencies:
      react: '>=16.9.0'
      react-dom: '>=16.9.0'

  '@rc-component/collapse@1.2.0':
    resolution: {integrity: sha512-ZRYSKSS39qsFx93p26bde7JUZJshsUBEQRlRXPuJYlAiNX0vyYlF5TsAm8JZN3LcF8XvKikdzPbgAtXSbkLUkw==}
    peerDependencies:
      react: '>=18.0.0'
      react-dom: '>=18.0.0'

  '@rc-component/color-picker@3.1.1':
    resolution: {integrity: sha512-OHaCHLHszCegdXmIq2ZRIZBN/EtpT6Wm8SG/gpzLATHbVKc/avvuKi+zlOuk05FTWvgaMmpxAko44uRJ3M+2pg==}
    peerDependencies:
      react: '>=16.9.0'
      react-dom: '>=16.9.0'

  '@rc-component/context@2.0.2':
    resolution: {integrity: sha512-uiGpAlblCNlziHPwj4S4Iy/oemeuz/hR03mbiEjTCXwsqOIN3BOzsRMyDwpyO5Fm0vIEEJRUf9ZtbRLbhksuTA==}
    peerDependencies:
      react: '>=18.0.0'
      react-dom: '>=18.0.0'

  '@rc-component/dialog@1.10.0':
    resolution: {integrity: sha512-eDukNlz9vNszAGv7i3zKXdxEd3wgVmNxuJijYt8zvTh17QwTu8KK/bdURRd/lU4qaMzhO1HKKmMrwOnkaw0BvQ==}
    peerDependencies:
      react: '>=18.0.0'
      react-dom: '>=18.0.0'

  '@rc-component/drawer@1.4.2':
    resolution: {integrity: sha512-1ib+fZEp6FBu+YvcIktm+nCQ+Q+qIpwpoaJH6opGr4ofh2QMq+qdr5DLC4oCf5qf3pcWX9lUWPYX652k4ini8Q==}
    peerDependencies:
      react: '>=18.0.0'
      react-dom: '>=18.0.0'

  '@rc-component/dropdown@1.0.3':
    resolution: {integrity: sha512-YTST/N6kpqpDz3IMuM/PSSZnrDpSOA6dgHv12gPA90ZTSLv2CoqkZ0+9NtwTY6BeO7dstPblSic2QJg7dSFy/g==}
    peerDependencies:
      react: '>=16.11.0'
      react-dom: '>=16.11.0'

  '@rc-component/form@1.8.6':
    resolution: {integrity: sha512-1EXVsSKPZC6kGrIqxVck7kAWM6T65b6et/n5wIcyiaIa41VrDshD0nVLHoBDEIZr2ATQsOP6icb4XQkNFMLBAw==}
    engines: {node: '>=8.x'}
    peerDependencies:
      react: '>=16.9.0'
      react-dom: '>=16.9.0'

  '@rc-component/image@1.10.0':
    resolution: {integrity: sha512-BjeZCRQ+hw+4WAhvrw8rJvy5fckA2xpf/X2XQEOABUHvLTNB9inB98X3Mp54jYQ7g10DfWERQWHXeC4ylxp1Uw==}
    peerDependencies:
      react: '>=16.9.0'
      react-dom: '>=16.9.0'

  '@rc-component/input-number@1.6.2':
    resolution: {integrity: sha512-Gjcq7meZlCOiWN1t1xCC+7/s85humHVokTBI7PJgTfoyw5OWF74y3e6P8PHX104g9+b54jsodFIzyaj6p8LI9w==}
    peerDependencies:
      react: '>=16.9.0'
      react-dom: '>=16.9.0'

  '@rc-component/input@1.3.1':
    resolution: {integrity: sha512-iFvTUT9W+JC/MSin2aGAk8NqsVlTzcExNC9DZariON1IWirju9NoNeEk47an4Q8iHazkoVI/y1LnDi88+CPcig==}
    peerDependencies:
      react: '>=16.0.0'
      react-dom: '>=16.0.0'

  '@rc-component/listy@1.2.3':
    resolution: {integrity: sha512-IXiMjV5s0rczLBlfh7G5nB4M3365mrEeedjwKtf5I+Ns3PqRUsebR2h5u8CeFarsVfLUPC2I5p0h09TNoOWyvQ==}
    peerDependencies:
      react: '>=18.0.0'
      react-dom: '>=18.0.0'

  '@rc-component/mentions@1.12.0':
    resolution: {integrity: sha512-v5MBx8zDcqCT+uybJgKpcx3Fgrvj0m3u+A/15RlSBaMx12lLoJZTTYggC3pbYYfohcKujWWUyBz6O6Gp2vGiNA==}
    peerDependencies:
      react: '>=16.9.0'
      react-dom: '>=16.9.0'

  '@rc-component/menu@1.5.0':
    resolution: {integrity: sha512-RjvzPsZkwVEg3xu+/jDDqDeUCBJAnWylONFlGeQgg5enlNAnlpybqhaMGE/UPEIvr6hL90PGhjFBguJqj0Qb2Q==}
    peerDependencies:
      react: '>=18.0.0'
      react-dom: '>=18.0.0'

  '@rc-component/mini-decimal@1.1.4':
    resolution: {integrity: sha512-xiuXcaCwyOWpD8a8scdExFl+bntNphAW8XeenL1ig2en0AAZY0Pcp4pC0dI22qJ+NvxKn9RoNIoRdqYU3BLH4w==}
    engines: {node: '>=8.x'}

  '@rc-component/motion@1.3.3':
    resolution: {integrity: sha512-Xh3IszxvlSv3/PLYFyC2UZi9LNB83yOnkB/LNmRzaypZLvkhqUIPS7MQpGZcCMWrNsXV2p6YTSWbSGvFpEle9A==}
    peerDependencies:
      react: '>=16.9.0'
      react-dom: '>=16.9.0'

  '@rc-component/mutate-observer@2.0.1':
    resolution: {integrity: sha512-AyarjoLU5YlxuValRi+w8JRH2Z84TBbFO2RoGWz9d8bSu0FqT8DtugH3xC3BV7mUwlmROFauyWuXFuq4IFbH+w==}
    engines: {node: '>=8.x'}
    peerDependencies:
      react: '>=16.9.0'
      react-dom: '>=16.9.0'

  '@rc-component/notification@2.0.8':
    resolution: {integrity: sha512-MTRA3b8eHE14gh5R9nlXzbWZEDEBFVkEHj/FI1VOXw2zrSnSxqbuuU3drsq+k53e6MHwtegoFay1tnNYhtl61Q==}
    engines: {node: '>=8.x'}
    peerDependencies:
      react: '>=18.0.0'
      react-dom: '>=18.0.0'

  '@rc-component/overflow@1.0.1':
    resolution: {integrity: sha512-syfmgAABaHCnCDzPwHZ/2tuvIcpOO3jefYZMmfkN+pmo8HKTzsfhS57vxo4ksPdN0By+uWVJhJWNFozNBxi2eA==}
    peerDependencies:
      react: '>=16.9.0'
      react-dom: '>=16.9.0'

  '@rc-component/pagination@1.4.0':
    resolution: {integrity: sha512-CW1g7P9V8u+e8JQdUsl2RWg+GCsoee0mtJjZUCCxn/vb3jzOwDKm6hAdwddHCVBfWJ58eGUBZz3IvnU8rRktjw==}
    peerDependencies:
      react: '>=16.9.0'
      react-dom: '>=16.9.0'

  '@rc-component/picker@1.12.2':
    resolution: {integrity: sha512-ZB1A+tzTQkgtR4flPrAMvxIAOelIIOOOsp22fU2Nad6PbZcJacnyGJUJqUH7ZS9mwxeUwurf1pLMKXrVsK1tlA==}
    engines: {node: '>=12.x'}
    peerDependencies:
      date-fns: '>= 2.x'
      dayjs: '>= 1.x'
      luxon: '>= 3.x'
      moment: '>= 2.x'
      react: '>=16.9.0'
      react-dom: '>=16.9.0'
    peerDependenciesMeta:
      date-fns:
        optional: true
      dayjs:
        optional: true
      luxon:
        optional: true
      moment:
        optional: true

  '@rc-component/portal@2.2.1':
    resolution: {integrity: sha512-ck+r1kW/JSv0wxPji3KN2ss9K6Z0qqwusw/mf/0JobXhZ8hC2ejZwCJObW/SvDi0uhA0VzmCnx0CaCci95tcmA==}
    engines: {node: '>=12.x'}
    peerDependencies:
      react: '>=18.0.0'
      react-dom: '>=18.0.0'

  '@rc-component/progress@1.0.3':
    resolution: {integrity: sha512-Q1nPLIvKr95el/q76yaBh5nv1hqCsWaHQb8U7vXEDMefEhHgM7n3CPoN+o4LHnTyANQHmMFgoS/naAT4Bhxuaw==}
    peerDependencies:
      react: '>=16.9.0'
      react-dom: '>=16.9.0'

  '@rc-component/qrcode@2.0.0':
    resolution: {integrity: sha512-aAv3QhPP1xyafuTZOxub6a54pCeBnN3IwQkpETrBtthq4BL5IgxnCbuoBWPDpdLw1y1j6BgBUCAKV92+yX06Dw==}
    engines: {node: '>=8.x'}
    peerDependencies:
      react: '>=16.9.0'
      react-dom: '>=16.9.0'

  '@rc-component/rate@1.0.1':
    resolution: {integrity: sha512-bkXxeBqDpl5IOC7yL7GcSYjQx9G8H+6kLYQnNZWeBYq2OYIv1MONd6mqKTjnnJYpV0cQIU2z3atdW0j1kttpTw==}
    engines: {node: '>=8.x'}
    peerDependencies:
      react: '>=16.9.0'
      react-dom: '>=16.9.0'

  '@rc-component/resize-observer@1.1.2':
    resolution: {integrity: sha512-t/Bb0W8uvL4PYKAB3YcChC+DlHh0Wt5kM7q/J+0qpVEUMLe7Hk5zuvc9km0hMnTFPSx5Z7Wu/fzCLN6erVLE8Q==}
    peerDependencies:
      react: '>=16.9.0'
      react-dom: '>=16.9.0'

  '@rc-component/segmented@1.3.0':
    resolution: {integrity: sha512-5J/bJ01mbDnoA6P/FW8SxUvKn+OgUSTZJPzCNnTBntG50tzoP7DydGhqxp7ggZXZls7me3mc2EQDXakU3iTVFg==}
    peerDependencies:
      react: '>=16.0.0'
      react-dom: '>=16.0.0'

  '@rc-component/select@1.10.1':
    resolution: {integrity: sha512-H+yQsl+qED9NilQ3g6zdpsMwUgwVjrcMTkNHAWRVU/MoNCYgTbDgU+MIMgZDK+rVdd2JUfI/MkysMcZZ0cyQKw==}
    engines: {node: '>=8.x'}
    peerDependencies:
      react: '*'
      react-dom: '*'

  '@rc-component/slider@1.1.1':
    resolution: {integrity: sha512-LSzgWGYDgeCDgR4r1XlU29gbYws6HpLnvJd/uMhLeW/vQgxldeR+Wb4uzHDCHiYEbr1bnEHWdjkPxjJRHxuiig==}
    engines: {node: '>=8.x'}
    peerDependencies:
      react: '>=16.9.0'
      react-dom: '>=16.9.0'

  '@rc-component/steps@1.2.3':
    resolution: {integrity: sha512-/b9gHcvDGjTDWJZW7+1kKFvzs0jrEeQ8mFvvIgX+h7xNT0FsOYODJYKjyJR4fPbvMBCfCOEqaBK66HBxov5BQA==}
    engines: {node: '>=8.x'}
    peerDependencies:
      react: '>=16.9.0'
      react-dom: '>=16.9.0'

  '@rc-component/switch@1.0.3':
    resolution: {integrity: sha512-Jgi+EbOBquje/XNdofr7xbJQZPYJP+BlPfR0h+WN4zFkdtB2EWqEfvkXJWeipflwjWip0/17rNbxEAqs8hVHfw==}
    peerDependencies:
      react: '>=16.9.0'
      react-dom: '>=16.9.0'

  '@rc-component/table@1.11.1':
    resolution: {integrity: sha512-OWdS6DMmeWb7bJBGqPxYZpQbzBlBiXZUu2sqo6Ii7Sjs9GeK1IsrXrWk26SL2c6KEseabswdxrRj7WUm9LdECw==}
    engines: {node: '>=8.x'}
    peerDependencies:
      react: '>=18.0.0'
      react-dom: '>=18.0.0'

  '@rc-component/tabs@1.13.0':
    resolution: {integrity: sha512-3FXr+9ZII8tFLWuDWrgjRaxZd2mazkKJAGRFEfVmp4r1qnBglOlxQ78l54Td1aj6/iFaaEReKSAF2HToztU5uw==}
    engines: {node: '>=8.x'}
    peerDependencies:
      react: '>=16.9.0'
      react-dom: '>=16.9.0'

  '@rc-component/tooltip@1.5.2':
    resolution: {integrity: sha512-VLq4BclU3LgRe46g2hTr2bdsM8tFYs7dVwpuD88rPNNg4lCGe8mBSS4FiRzYzS+ffnZ46y4SI8KYKo9K7qBnhw==}
    peerDependencies:
      react: '>=18.0.0'
      react-dom: '>=18.0.0'

  '@rc-component/tour@2.4.0':
    resolution: {integrity: sha512-aui4r4TqmTzwaBgcQxHYep8kM8PTjZFufjokObpy35KfFeZ0k9ArquWFZqegQlH24P14t+F0qO0mGTgzlav1yg==}
    engines: {node: '>=8.x'}
    peerDependencies:
      react: '>=16.9.0'
      react-dom: '>=16.9.0'

  '@rc-component/tree-select@1.16.1':
    resolution: {integrity: sha512-a1Oi6EJhqAhdOxxupdJi6fP0RPHMKn5TcfkX2+llaQ4lF4nwfH7b6SCHcnsybaa2s+pk1yZYwVyeOYkDnEBRdg==}
    peerDependencies:
      react: '*'
      react-dom: '*'

  '@rc-component/tree@1.4.0':
    resolution: {integrity: sha512-dGsJGDJQedA0BqqVgj3F8BvHXTSZijyhTXdbAdkcx8lynzZkty/CV3Z3LOm/fxz+BCfl3dfGiAQpb7Q5XNvl0Q==}
    engines: {node: '>=10.x'}
    peerDependencies:
      react: '*'
      react-dom: '*'

  '@rc-component/trigger@3.10.1':
    resolution: {integrity: sha512-mXlDN0IXdtV8Yqqm8195ECCyrbmfvvfKvwVvSlH0+qvKD6BUF8gRhEjSy0FOcD1+CcDRHgTiX99LoxfQrmh3Cw==}
    engines: {node: '>=8.x'}
    peerDependencies:
      react: '>=18.0.0'
      react-dom: '>=18.0.0'

  '@rc-component/upload@1.1.1':
    resolution: {integrity: sha512-GvYWSKeaJTOxxC5p6+nOSadzfvXA1h8C/iHFPFZX+szH3JUXrvs+DLiW8YUTBgvMh8m63mJeHrlYlJzAlg+pDA==}
    peerDependencies:
      react: '>=16.9.0'
      react-dom: '>=16.9.0'

  '@rc-component/util@1.13.0':
    resolution: {integrity: sha512-IXf2zBfZrbQGT+G8LxnoICDBGnMHIPIiq5HCRn3EDfKUx28x1rnbZBj46ULJf4sM8ImTG1SepqfNBdxZziqQ4w==}
    peerDependencies:
      react: '>=18.0.0'
      react-dom: '>=18.0.0'

  '@rc-component/virtual-list@1.5.1':
    resolution: {integrity: sha512-boqHxdtyWC88u8quYgEO49bcBy5fzRiOcnBge+N4nLzs2k8hUQ/yw7JE9dM6yCBE4jSm5YSHVCVMS+suBuJGKA==}
    engines: {node: '>=8.x'}
    peerDependencies:
      react: '>=18.0.0'
      react-dom: '>=18.0.0'

  '@types/prop-types@15.7.15':
    resolution: {integrity: sha512-F6bEyamV9jKGAFBEmlQnesRPGOQqS2+Uwi0Em15xenOxHaf2hv6L8YCVn3rPdPJOiJfPiCnLIRyvwVaqMY3MIw==}

  '@types/react@18.3.18':
    resolution: {integrity: sha512-t4yC+vtgnkYjNSKlFx1jkAhH8LgTo2N/7Qvi83kdEaUtMDiwpbLAktKDaAMlRcJ5eSxZkH74eEGt1ky31d7kfQ==}

  antd@6.6.3:
    resolution: {integrity: sha512-USnOxcOhWEQc65pHapSiCrZOijWef783XnqYZv8fuYIcYVoFxNxl6TsnsUhmoJyZheD/XwAx9CyO+hlyekDCQA==}
    peerDependencies:
      react: '>=18.0.0'
      react-dom: '>=18.0.0'

  chownr@3.0.0:
    resolution: {integrity: sha512-+IxzY9BZOQd/XuYPRmrvEVjF/nqj5kgT4kEq7VofrDoM1MxoRjEWkrCC3EtLi59TVawxTAn+orJwFQcrqEN1+g==}
    engines: {node: '>=18'}

  clsx@2.1.1:
    resolution: {integrity: sha512-eYm0QWBtUrBWZWG0d386OGAw16Z995PiOVo2B7bjWSbHedGl5e0ZWaq65kOGgUSNesEIDkB9ISbTg/JK9dhCZA==}
    engines: {node: '>=6'}

  compute-scroll-into-view@3.1.1:
    resolution: {integrity: sha512-VRhuHOLoKYOy4UbilLbUzbYg93XLjv2PncJC50EuTWPA3gaja1UjBsUP/D/9/juV3vQFr6XBEzn9KCAHdUvOHw==}

  csstype@3.2.3:
    resolution: {integrity: sha512-z1HGKcYy2xA8AGQfwrn0PAy+PB7X/GSj3UVJW9qKyn43xWa+gl5nXmU4qqLMRzWVLFC8KusUX8T/0kCiOYpAIQ==}

  dayjs@1.11.23:
    resolution: {integrity: sha512-QDTCU0M0MxR3hQfnlDJfwekQiaanm1ubOD231u73WBckQ/fsamwRLiE2GBz6D3a/xF1NgfiDLJjXBa1hYOYTtQ==}

  esbuild@0.25.5:
    resolution: {integrity: sha512-P8OtKZRv/5J5hhz0cUAdu/cLuPIKXpQl1R9pZtvmHWQvrAUVd0UNIPT4IB4W3rNOqVO0rlqHmCIbSwxh/c9yUQ==}
    engines: {node: '>=18'}
    hasBin: true

  fsevents@2.3.2:
    resolution: {integrity: sha512-xiqMQR4xAeHTuB9uWm+fFRcIOgKBMiOBP+eXiyT7jsgVCq1bkVygt00oASowB7EdtpOHaaPgKt812P9ab+DDKA==}
    engines: {node: ^8.16.0 || ^10.6.0 || >=11.0.0}
    os: [darwin]

  is-mobile@5.0.0:
    resolution: {integrity: sha512-Tz/yndySvLAEXh+Uk8liFCxOwVH6YutuR74utvOcu7I9Di+DwM0mtdPVZNaVvvBUM2OXxne/NhOs1zAO7riusQ==}

  js-tokens@4.0.0:
    resolution: {integrity: sha512-RdJUflcE3cUzKiMqQgsCu06FPu9UdIJO0beYbPhHN4k6apgJtifcoCtT9bcxOpYBtpD2kCM6Sbzg4CausW/PKQ==}

  json2mq@0.2.0:
    resolution: {integrity: sha512-SzoRg7ux5DWTII9J2qkrZrqV1gt+rTaoufMxEzXbS26Uid0NwaJd123HcoB80TgubEppxxIGdNxCx50fEoEWQA==}

  loose-envify@1.4.0:
    resolution: {integrity: sha512-lyuxPGr/Wfhrlem2CL/UcnUc1zcqKAImBDzukY7Y5F/yQiNdko6+fRLevlw1HgMySw7f611UIY408EtxRSoK3Q==}
    hasBin: true

  lucide-react@0.468.0:
    resolution: {integrity: sha512-6koYRhnM2N0GGZIdXzSeiNwguv1gt/FAjZOiPl76roBi3xKEXa4WmfpxgQwTTL4KipXjefrnf3oV4IsYhi4JFA==}
    peerDependencies:
      react: ^16.5.1 || ^17.0.0 || ^18.0.0 || ^19.0.0-rc

  minipass@7.1.3:
    resolution: {integrity: sha512-tEBHqDnIoM/1rXME1zgka9g6Q2lcoCkxHLuc7ODJ5BxbP5d4c2Z5cGgtXAku59200Cx7diuHTOYfSBD8n6mm8A==}
    engines: {node: '>=16 || 14 >=14.17'}

  minizlib@3.1.0:
    resolution: {integrity: sha512-KZxYo1BUkWD2TVFLr0MQoM8vUUigWD3LlD83a/75BqC+4qE0Hb1Vo5v1FgcfaNXvfXzr+5EhQ6ing/CaBijTlw==}
    engines: {node: '>= 18'}

  playwright-core@1.58.2:
    resolution: {integrity: sha512-yZkEtftgwS8CsfYo7nm0KE8jsvm6i/PTgVtB8DL726wNf6H2IMsDuxCpJj59KDaxCtSnrWan2AeDqM7JBaultg==}
    engines: {node: '>=18'}
    hasBin: true

  playwright@1.58.2:
    resolution: {integrity: sha512-vA30H8Nvkq/cPBnNw4Q8TWz1EJyqgpuinBcHET0YVJVFldr8JDNiU9LaWAE1KqSkRYazuaBhTpB5ZzShOezQ6A==}
    engines: {node: '>=18'}
    hasBin: true

  prettier@3.5.3:
    resolution: {integrity: sha512-QQtaxnoDJeAkDvDKWCLiwIXkTgRhwYDEQCghU9Z6q03iyek/rxRh/2lC3HB7P8sWT2xC/y5JDctPLBIGzHKbhw==}
    engines: {node: '>=14'}
    hasBin: true

  react-dom@18.3.1:
    resolution: {integrity: sha512-5m4nQKp+rZRb09LNH59GM4BxTh9251/ylbKIbpe7TpGxfJ+9kv6BLkLBXIjjspbgbnIBNqlI23tRnTWT0snUIw==}
    peerDependencies:
      react: ^18.3.1

  react-is@19.2.8:
    resolution: {integrity: sha512-s5un28nYxKJw5gvUHyW5PCC28CvBqLu9r3cWgzHT4Vo/5fqqkFcdRYsGcKf50WMPpjjFZS5d76fn3YCo2njKwQ==}

  react@18.3.1:
    resolution: {integrity: sha512-wS+hAgJShR0KhEvPJArfuPVN1+Hz1t0Y6n5jLrGQbkb4urgPE/0Rve+1kMB1v/oWgHgm4WIcV+i7F2pTVj+2iQ==}
    engines: {node: '>=0.10.0'}

  scheduler@0.23.2:
    resolution: {integrity: sha512-UOShsPwz7NrMUqhR6t0hWjFduvOzbtv7toDH1/hIrfRNIDBnnBWd0CwJTGvTpngVlmwGCdP9/Zl/tVrDqcuYzQ==}

  scroll-into-view-if-needed@3.1.0:
    resolution: {integrity: sha512-49oNpRjWRvnU8NyGVmUaYG4jtTkNonFZI86MmGRDqBphEK2EXT9gdEUoQPZhuBM8yWHxCWbobltqYO5M4XrUvQ==}

  string-convert@0.2.1:
    resolution: {integrity: sha512-u/1tdPl4yQnPBjnVrmdLo9gtuLvELKsAoRapekWggdiQNvvvum+jYF329d84NAa660KQw7pB2n36KrIKVoXa3A==}

  stylis@4.4.0:
    resolution: {integrity: sha512-5Z9ZpRzfuH6l/UAvCPAPUo3665Nk2wLaZU3x+TLHKVzIz33+sbJqbtrYoC3KD4/uVOr2Zp+L0LySezP9OHV9yA==}

  tar@7.5.22:
    resolution: {integrity: sha512-MFO/QzvtAOmJbkhOaCTvbGcFN9L9b+JunIsDwaKljSOdcLMea3NJ1k9Usz/rjdfSXTq4dfzfeS7W4p4YOAAHeA==}
    engines: {node: '>=18'}

  throttle-debounce@5.0.2:
    resolution: {integrity: sha512-B71/4oyj61iNH0KeCamLuE2rmKuTO5byTOSVwECM5FA7TiAiAW+UqTKZ9ERueC4qvgSttUhdmq1mXC3kJqGX7A==}
    engines: {node: '>=12.22'}

  typescript@5.8.3:
    resolution: {integrity: sha512-p1diW6TqL9L07nNxvRMM7hMMw4c5XOo/1ibL4aAIGmSAt9slTE1Xgw5KWuof2uTOvCg9BY7ZRi+GaF+7sfgPeQ==}
    engines: {node: '>=14.17'}
    hasBin: true

  yallist@5.0.0:
    resolution: {integrity: sha512-YgvUTfwqyc7UXVMrB+SImsVYSmTS8X/tSrtdNZMImM+n7+QTriRXyXim0mBrTXNeqzVF0KWGgHPeiyViFFrNDw==}
    engines: {node: '>=18'}

snapshots:

  '@ant-design/colors@8.0.1':
    dependencies:
      '@ant-design/fast-color': 3.0.1

  '@ant-design/cssinjs-utils@2.1.2(react-dom@18.3.1(react@18.3.1))(react@18.3.1)':
    dependencies:
      '@ant-design/cssinjs': 2.1.2(react-dom@18.3.1(react@18.3.1))(react@18.3.1)
      '@babel/runtime': 7.29.7
      '@rc-component/util': 1.13.0(react-dom@18.3.1(react@18.3.1))(react@18.3.1)
      react: 18.3.1
      react-dom: 18.3.1(react@18.3.1)

  '@ant-design/cssinjs@2.1.2(react-dom@18.3.1(react@18.3.1))(react@18.3.1)':
    dependencies:
      '@babel/runtime': 7.29.7
      '@emotion/hash': 0.8.0
      '@emotion/unitless': 0.7.5
      '@rc-component/util': 1.13.0(react-dom@18.3.1(react@18.3.1))(react@18.3.1)
      clsx: 2.1.1
      csstype: 3.2.3
      react: 18.3.1
      react-dom: 18.3.1(react@18.3.1)
      stylis: 4.4.0

  '@ant-design/fast-color@3.0.1': {}

  '@ant-design/icons-svg@4.6.0': {}

  '@ant-design/icons@6.3.4(react-dom@18.3.1(react@18.3.1))(react@18.3.1)':
    dependencies:
      '@ant-design/colors': 8.0.1
      '@ant-design/icons-svg': 4.6.0
      '@rc-component/util': 1.13.0(react-dom@18.3.1(react@18.3.1))(react@18.3.1)
      clsx: 2.1.1
      react: 18.3.1
      react-dom: 18.3.1(react@18.3.1)

  '@ant-design/react-slick@2.0.0(react-dom@18.3.1(react@18.3.1))(react@18.3.1)':
    dependencies:
      '@babel/runtime': 7.29.7
      clsx: 2.1.1
      json2mq: 0.2.0
      react: 18.3.1
      react-dom: 18.3.1(react@18.3.1)
      throttle-debounce: 5.0.2

  '@babel/runtime@7.29.7': {}

  '@babel/runtime@8.0.0': {}

  '@emotion/hash@0.8.0': {}

  '@emotion/unitless@0.7.5': {}

  '@esbuild/aix-ppc64@0.25.5':
    optional: true

  '@esbuild/android-arm64@0.25.5':
    optional: true

  '@esbuild/android-arm@0.25.5':
    optional: true

  '@esbuild/android-x64@0.25.5':
    optional: true

  '@esbuild/darwin-arm64@0.25.5':
    optional: true

  '@esbuild/darwin-x64@0.25.5':
    optional: true

  '@esbuild/freebsd-arm64@0.25.5':
    optional: true

  '@esbuild/freebsd-x64@0.25.5':
    optional: true

  '@esbuild/linux-arm64@0.25.5':
    optional: true

  '@esbuild/linux-arm@0.25.5':
    optional: true

  '@esbuild/linux-ia32@0.25.5':
    optional: true

  '@esbuild/linux-loong64@0.25.5':
    optional: true

  '@esbuild/linux-mips64el@0.25.5':
    optional: true

  '@esbuild/linux-ppc64@0.25.5':
    optional: true

  '@esbuild/linux-riscv64@0.25.5':
    optional: true

  '@esbuild/linux-s390x@0.25.5':
    optional: true

  '@esbuild/linux-x64@0.25.5':
    optional: true

  '@esbuild/netbsd-arm64@0.25.5':
    optional: true

  '@esbuild/netbsd-x64@0.25.5':
    optional: true

  '@esbuild/openbsd-arm64@0.25.5':
    optional: true

  '@esbuild/openbsd-x64@0.25.5':
    optional: true

  '@esbuild/sunos-x64@0.25.5':
    optional: true

  '@esbuild/win32-arm64@0.25.5':
    optional: true

  '@esbuild/win32-ia32@0.25.5':
    optional: true

  '@esbuild/win32-x64@0.25.5':
    optional: true

  '@isaacs/fs-minipass@4.0.1':
    dependencies:
      minipass: 7.1.3

  '@playwright/test@1.58.2':
    dependencies:
      playwright: 1.58.2

  '@rc-component/async-validator@6.0.0':
    dependencies:
      '@babel/runtime': 7.29.7

  '@rc-component/cascader@1.22.0(react-dom@18.3.1(react@18.3.1))(react@18.3.1)':
    dependencies:
      '@rc-component/select': 1.10.1(react-dom@18.3.1(react@18.3.1))(react@18.3.1)
      '@rc-component/tree': 1.4.0(react-dom@18.3.1(react@18.3.1))(react@18.3.1)
      '@rc-component/util': 1.13.0(react-dom@18.3.1(react@18.3.1))(react@18.3.1)
      clsx: 2.1.1
      react: 18.3.1
      react-dom: 18.3.1(react@18.3.1)

  '@rc-component/checkbox@2.0.0(react-dom@18.3.1(react@18.3.1))(react@18.3.1)':
    dependencies:
      '@rc-component/util': 1.13.0(react-dom@18.3.1(react@18.3.1))(react@18.3.1)
      clsx: 2.1.1
      react: 18.3.1
      react-dom: 18.3.1(react@18.3.1)

  '@rc-component/collapse@1.2.0(react-dom@18.3.1(react@18.3.1))(react@18.3.1)':
    dependencies:
      '@babel/runtime': 7.29.7
      '@rc-component/motion': 1.3.3(react-dom@18.3.1(react@18.3.1))(react@18.3.1)
      '@rc-component/util': 1.13.0(react-dom@18.3.1(react@18.3.1))(react@18.3.1)
      clsx: 2.1.1
      react: 18.3.1
      react-dom: 18.3.1(react@18.3.1)

  '@rc-component/color-picker@3.1.1(react-dom@18.3.1(react@18.3.1))(react@18.3.1)':
    dependencies:
      '@ant-design/fast-color': 3.0.1
      '@rc-component/util': 1.13.0(react-dom@18.3.1(react@18.3.1))(react@18.3.1)
      clsx: 2.1.1
      react: 18.3.1
      react-dom: 18.3.1(react@18.3.1)

  '@rc-component/context@2.0.2(react-dom@18.3.1(react@18.3.1))(react@18.3.1)':
    dependencies:
      '@rc-component/util': 1.13.0(react-dom@18.3.1(react@18.3.1))(react@18.3.1)
      react: 18.3.1
      react-dom: 18.3.1(react@18.3.1)

  '@rc-component/dialog@1.10.0(react-dom@18.3.1(react@18.3.1))(react@18.3.1)':
    dependencies:
      '@rc-component/motion': 1.3.3(react-dom@18.3.1(react@18.3.1))(react@18.3.1)
      '@rc-component/portal': 2.2.1(react-dom@18.3.1(react@18.3.1))(react@18.3.1)
      '@rc-component/util': 1.13.0(react-dom@18.3.1(react@18.3.1))(react@18.3.1)
      clsx: 2.1.1
      react: 18.3.1
      react-dom: 18.3.1(react@18.3.1)

  '@rc-component/drawer@1.4.2(react-dom@18.3.1(react@18.3.1))(react@18.3.1)':
    dependencies:
      '@rc-component/motion': 1.3.3(react-dom@18.3.1(react@18.3.1))(react@18.3.1)
      '@rc-component/portal': 2.2.1(react-dom@18.3.1(react@18.3.1))(react@18.3.1)
      '@rc-component/util': 1.13.0(react-dom@18.3.1(react@18.3.1))(react@18.3.1)
      clsx: 2.1.1
      react: 18.3.1
      react-dom: 18.3.1(react@18.3.1)

  '@rc-component/dropdown@1.0.3(react-dom@18.3.1(react@18.3.1))(react@18.3.1)':
    dependencies:
      '@rc-component/trigger': 3.10.1(react-dom@18.3.1(react@18.3.1))(react@18.3.1)
      '@rc-component/util': 1.13.0(react-dom@18.3.1(react@18.3.1))(react@18.3.1)
      clsx: 2.1.1
      react: 18.3.1
      react-dom: 18.3.1(react@18.3.1)

  '@rc-component/form@1.8.6(react-dom@18.3.1(react@18.3.1))(react@18.3.1)':
    dependencies:
      '@rc-component/async-validator': 6.0.0
      '@rc-component/util': 1.13.0(react-dom@18.3.1(react@18.3.1))(react@18.3.1)
      clsx: 2.1.1
      react: 18.3.1
      react-dom: 18.3.1(react@18.3.1)

  '@rc-component/image@1.10.0(react-dom@18.3.1(react@18.3.1))(react@18.3.1)':
    dependencies:
      '@rc-component/motion': 1.3.3(react-dom@18.3.1(react@18.3.1))(react@18.3.1)
      '@rc-component/portal': 2.2.1(react-dom@18.3.1(react@18.3.1))(react@18.3.1)
      '@rc-component/util': 1.13.0(react-dom@18.3.1(react@18.3.1))(react@18.3.1)
      clsx: 2.1.1
      react: 18.3.1
      react-dom: 18.3.1(react@18.3.1)

  '@rc-component/input-number@1.6.2(react-dom@18.3.1(react@18.3.1))(react@18.3.1)':
    dependencies:
      '@rc-component/mini-decimal': 1.1.4
      '@rc-component/util': 1.13.0(react-dom@18.3.1(react@18.3.1))(react@18.3.1)
      clsx: 2.1.1
      react: 18.3.1
      react-dom: 18.3.1(react@18.3.1)

  '@rc-component/input@1.3.1(react-dom@18.3.1(react@18.3.1))(react@18.3.1)':
    dependencies:
      '@rc-component/resize-observer': 1.1.2(react-dom@18.3.1(react@18.3.1))(react@18.3.1)
      '@rc-component/util': 1.13.0(react-dom@18.3.1(react@18.3.1))(react@18.3.1)
      clsx: 2.1.1
      react: 18.3.1
      react-dom: 18.3.1(react@18.3.1)

  '@rc-component/listy@1.2.3(react-dom@18.3.1(react@18.3.1))(react@18.3.1)':
    dependencies:
      '@rc-component/motion': 1.3.3(react-dom@18.3.1(react@18.3.1))(react@18.3.1)
      '@rc-component/portal': 2.2.1(react-dom@18.3.1(react@18.3.1))(react@18.3.1)
      '@rc-component/resize-observer': 1.1.2(react-dom@18.3.1(react@18.3.1))(react@18.3.1)
      '@rc-component/util': 1.13.0(react-dom@18.3.1(react@18.3.1))(react@18.3.1)
      '@rc-component/virtual-list': 1.5.1(react-dom@18.3.1(react@18.3.1))(react@18.3.1)
      clsx: 2.1.1
      react: 18.3.1
      react-dom: 18.3.1(react@18.3.1)

  '@rc-component/mentions@1.12.0(react-dom@18.3.1(react@18.3.1))(react@18.3.1)':
    dependencies:
      '@rc-component/input': 1.3.1(react-dom@18.3.1(react@18.3.1))(react@18.3.1)
      '@rc-component/menu': 1.5.0(react-dom@18.3.1(react@18.3.1))(react@18.3.1)
      '@rc-component/trigger': 3.10.1(react-dom@18.3.1(react@18.3.1))(react@18.3.1)
      '@rc-component/util': 1.13.0(react-dom@18.3.1(react@18.3.1))(react@18.3.1)
      clsx: 2.1.1
      react: 18.3.1
      react-dom: 18.3.1(react@18.3.1)

  '@rc-component/menu@1.5.0(react-dom@18.3.1(react@18.3.1))(react@18.3.1)':
    dependencies:
      '@rc-component/motion': 1.3.3(react-dom@18.3.1(react@18.3.1))(react@18.3.1)
      '@rc-component/overflow': 1.0.1(react-dom@18.3.1(react@18.3.1))(react@18.3.1)
      '@rc-component/trigger': 3.10.1(react-dom@18.3.1(react@18.3.1))(react@18.3.1)
      '@rc-component/util': 1.13.0(react-dom@18.3.1(react@18.3.1))(react@18.3.1)
      clsx: 2.1.1
      react: 18.3.1
      react-dom: 18.3.1(react@18.3.1)

  '@rc-component/mini-decimal@1.1.4':
    dependencies:
      '@babel/runtime': 7.29.7

  '@rc-component/motion@1.3.3(react-dom@18.3.1(react@18.3.1))(react@18.3.1)':
    dependencies:
      '@rc-component/util': 1.13.0(react-dom@18.3.1(react@18.3.1))(react@18.3.1)
      clsx: 2.1.1
      react: 18.3.1
      react-dom: 18.3.1(react@18.3.1)

  '@rc-component/mutate-observer@2.0.1(react-dom@18.3.1(react@18.3.1))(react@18.3.1)':
    dependencies:
      '@rc-component/util': 1.13.0(react-dom@18.3.1(react@18.3.1))(react@18.3.1)
      react: 18.3.1
      react-dom: 18.3.1(react@18.3.1)

  '@rc-component/notification@2.0.8(react-dom@18.3.1(react@18.3.1))(react@18.3.1)':
    dependencies:
      '@rc-component/motion': 1.3.3(react-dom@18.3.1(react@18.3.1))(react@18.3.1)
      '@rc-component/util': 1.13.0(react-dom@18.3.1(react@18.3.1))(react@18.3.1)
      clsx: 2.1.1
      react: 18.3.1
      react-dom: 18.3.1(react@18.3.1)

  '@rc-component/overflow@1.0.1(react-dom@18.3.1(react@18.3.1))(react@18.3.1)':
    dependencies:
      '@babel/runtime': 7.29.7
      '@rc-component/resize-observer': 1.1.2(react-dom@18.3.1(react@18.3.1))(react@18.3.1)
      '@rc-component/util': 1.13.0(react-dom@18.3.1(react@18.3.1))(react@18.3.1)
      clsx: 2.1.1
      react: 18.3.1
      react-dom: 18.3.1(react@18.3.1)

  '@rc-component/pagination@1.4.0(react-dom@18.3.1(react@18.3.1))(react@18.3.1)':
    dependencies:
      '@rc-component/util': 1.13.0(react-dom@18.3.1(react@18.3.1))(react@18.3.1)
      clsx: 2.1.1
      react: 18.3.1
      react-dom: 18.3.1(react@18.3.1)

  '@rc-component/picker@1.12.2(dayjs@1.11.23)(react-dom@18.3.1(react@18.3.1))(react@18.3.1)':
    dependencies:
      '@rc-component/overflow': 1.0.1(react-dom@18.3.1(react@18.3.1))(react@18.3.1)
      '@rc-component/resize-observer': 1.1.2(react-dom@18.3.1(react@18.3.1))(react@18.3.1)
      '@rc-component/trigger': 3.10.1(react-dom@18.3.1(react@18.3.1))(react@18.3.1)
      '@rc-component/util': 1.13.0(react-dom@18.3.1(react@18.3.1))(react@18.3.1)
      clsx: 2.1.1
      react: 18.3.1
      react-dom: 18.3.1(react@18.3.1)
    optionalDependencies:
      dayjs: 1.11.23

  '@rc-component/portal@2.2.1(react-dom@18.3.1(react@18.3.1))(react@18.3.1)':
    dependencies:
      '@rc-component/util': 1.13.0(react-dom@18.3.1(react@18.3.1))(react@18.3.1)
      clsx: 2.1.1
      react: 18.3.1
      react-dom: 18.3.1(react@18.3.1)

  '@rc-component/progress@1.0.3(react-dom@18.3.1(react@18.3.1))(react@18.3.1)':
    dependencies:
      '@rc-component/util': 1.13.0(react-dom@18.3.1(react@18.3.1))(react@18.3.1)
      clsx: 2.1.1
      react: 18.3.1
      react-dom: 18.3.1(react@18.3.1)

  '@rc-component/qrcode@2.0.0(react-dom@18.3.1(react@18.3.1))(react@18.3.1)':
    dependencies:
      '@babel/runtime': 7.29.7
      react: 18.3.1
      react-dom: 18.3.1(react@18.3.1)

  '@rc-component/rate@1.0.1(react-dom@18.3.1(react@18.3.1))(react@18.3.1)':
    dependencies:
      '@rc-component/util': 1.13.0(react-dom@18.3.1(react@18.3.1))(react@18.3.1)
      clsx: 2.1.1
      react: 18.3.1
      react-dom: 18.3.1(react@18.3.1)

  '@rc-component/resize-observer@1.1.2(react-dom@18.3.1(react@18.3.1))(react@18.3.1)':
    dependencies:
      '@rc-component/util': 1.13.0(react-dom@18.3.1(react@18.3.1))(react@18.3.1)
      react: 18.3.1
      react-dom: 18.3.1(react@18.3.1)

  '@rc-component/segmented@1.3.0(react-dom@18.3.1(react@18.3.1))(react@18.3.1)':
    dependencies:
      '@babel/runtime': 7.29.7
      '@rc-component/motion': 1.3.3(react-dom@18.3.1(react@18.3.1))(react@18.3.1)
      '@rc-component/util': 1.13.0(react-dom@18.3.1(react@18.3.1))(react@18.3.1)
      clsx: 2.1.1
      react: 18.3.1
      react-dom: 18.3.1(react@18.3.1)

  '@rc-component/select@1.10.1(react-dom@18.3.1(react@18.3.1))(react@18.3.1)':
    dependencies:
      '@rc-component/overflow': 1.0.1(react-dom@18.3.1(react@18.3.1))(react@18.3.1)
      '@rc-component/trigger': 3.10.1(react-dom@18.3.1(react@18.3.1))(react@18.3.1)
      '@rc-component/util': 1.13.0(react-dom@18.3.1(react@18.3.1))(react@18.3.1)
      '@rc-component/virtual-list': 1.5.1(react-dom@18.3.1(react@18.3.1))(react@18.3.1)
      clsx: 2.1.1
      react: 18.3.1
      react-dom: 18.3.1(react@18.3.1)

  '@rc-component/slider@1.1.1(react-dom@18.3.1(react@18.3.1))(react@18.3.1)':
    dependencies:
      '@rc-component/util': 1.13.0(react-dom@18.3.1(react@18.3.1))(react@18.3.1)
      clsx: 2.1.1
      react: 18.3.1
      react-dom: 18.3.1(react@18.3.1)

  '@rc-component/steps@1.2.3(react-dom@18.3.1(react@18.3.1))(react@18.3.1)':
    dependencies:
      '@rc-component/util': 1.13.0(react-dom@18.3.1(react@18.3.1))(react@18.3.1)
      clsx: 2.1.1
      react: 18.3.1
      react-dom: 18.3.1(react@18.3.1)

  '@rc-component/switch@1.0.3(react-dom@18.3.1(react@18.3.1))(react@18.3.1)':
    dependencies:
      '@rc-component/util': 1.13.0(react-dom@18.3.1(react@18.3.1))(react@18.3.1)
      clsx: 2.1.1
      react: 18.3.1
      react-dom: 18.3.1(react@18.3.1)

  '@rc-component/table@1.11.1(react-dom@18.3.1(react@18.3.1))(react@18.3.1)':
    dependencies:
      '@rc-component/context': 2.0.2(react-dom@18.3.1(react@18.3.1))(react@18.3.1)
      '@rc-component/resize-observer': 1.1.2(react-dom@18.3.1(react@18.3.1))(react@18.3.1)
      '@rc-component/util': 1.13.0(react-dom@18.3.1(react@18.3.1))(react@18.3.1)
      '@rc-component/virtual-list': 1.5.1(react-dom@18.3.1(react@18.3.1))(react@18.3.1)
      clsx: 2.1.1
      react: 18.3.1
      react-dom: 18.3.1(react@18.3.1)

  '@rc-component/tabs@1.13.0(react-dom@18.3.1(react@18.3.1))(react@18.3.1)':
    dependencies:
      '@rc-component/dropdown': 1.0.3(react-dom@18.3.1(react@18.3.1))(react@18.3.1)
      '@rc-component/menu': 1.5.0(react-dom@18.3.1(react@18.3.1))(react@18.3.1)
      '@rc-component/motion': 1.3.3(react-dom@18.3.1(react@18.3.1))(react@18.3.1)
      '@rc-component/resize-observer': 1.1.2(react-dom@18.3.1(react@18.3.1))(react@18.3.1)
      '@rc-component/util': 1.13.0(react-dom@18.3.1(react@18.3.1))(react@18.3.1)
      clsx: 2.1.1
      react: 18.3.1
      react-dom: 18.3.1(react@18.3.1)

  '@rc-component/tooltip@1.5.2(react-dom@18.3.1(react@18.3.1))(react@18.3.1)':
    dependencies:
      '@rc-component/trigger': 3.10.1(react-dom@18.3.1(react@18.3.1))(react@18.3.1)
      '@rc-component/util': 1.13.0(react-dom@18.3.1(react@18.3.1))(react@18.3.1)
      clsx: 2.1.1
      react: 18.3.1
      react-dom: 18.3.1(react@18.3.1)

  '@rc-component/tour@2.4.0(react-dom@18.3.1(react@18.3.1))(react@18.3.1)':
    dependencies:
      '@rc-component/portal': 2.2.1(react-dom@18.3.1(react@18.3.1))(react@18.3.1)
      '@rc-component/trigger': 3.10.1(react-dom@18.3.1(react@18.3.1))(react@18.3.1)
      '@rc-component/util': 1.13.0(react-dom@18.3.1(react@18.3.1))(react@18.3.1)
      clsx: 2.1.1
      react: 18.3.1
      react-dom: 18.3.1(react@18.3.1)

  '@rc-component/tree-select@1.16.1(react-dom@18.3.1(react@18.3.1))(react@18.3.1)':
    dependencies:
      '@rc-component/select': 1.10.1(react-dom@18.3.1(react@18.3.1))(react@18.3.1)
      '@rc-component/tree': 1.4.0(react-dom@18.3.1(react@18.3.1))(react@18.3.1)
      '@rc-component/util': 1.13.0(react-dom@18.3.1(react@18.3.1))(react@18.3.1)
      clsx: 2.1.1
      react: 18.3.1
      react-dom: 18.3.1(react@18.3.1)

  '@rc-component/tree@1.4.0(react-dom@18.3.1(react@18.3.1))(react@18.3.1)':
    dependencies:
      '@rc-component/motion': 1.3.3(react-dom@18.3.1(react@18.3.1))(react@18.3.1)
      '@rc-component/util': 1.13.0(react-dom@18.3.1(react@18.3.1))(react@18.3.1)
      '@rc-component/virtual-list': 1.5.1(react-dom@18.3.1(react@18.3.1))(react@18.3.1)
      clsx: 2.1.1
      react: 18.3.1
      react-dom: 18.3.1(react@18.3.1)

  '@rc-component/trigger@3.10.1(react-dom@18.3.1(react@18.3.1))(react@18.3.1)':
    dependencies:
      '@rc-component/motion': 1.3.3(react-dom@18.3.1(react@18.3.1))(react@18.3.1)
      '@rc-component/portal': 2.2.1(react-dom@18.3.1(react@18.3.1))(react@18.3.1)
      '@rc-component/resize-observer': 1.1.2(react-dom@18.3.1(react@18.3.1))(react@18.3.1)
      '@rc-component/util': 1.13.0(react-dom@18.3.1(react@18.3.1))(react@18.3.1)
      clsx: 2.1.1
      react: 18.3.1
      react-dom: 18.3.1(react@18.3.1)

  '@rc-component/upload@1.1.1(react-dom@18.3.1(react@18.3.1))(react@18.3.1)':
    dependencies:
      '@rc-component/util': 1.13.0(react-dom@18.3.1(react@18.3.1))(react@18.3.1)
      clsx: 2.1.1
      react: 18.3.1
      react-dom: 18.3.1(react@18.3.1)

  '@rc-component/util@1.13.0(react-dom@18.3.1(react@18.3.1))(react@18.3.1)':
    dependencies:
      is-mobile: 5.0.0
      react: 18.3.1
      react-dom: 18.3.1(react@18.3.1)
      react-is: 19.2.8

  '@rc-component/virtual-list@1.5.1(react-dom@18.3.1(react@18.3.1))(react@18.3.1)':
    dependencies:
      '@babel/runtime': 8.0.0
      '@rc-component/resize-observer': 1.1.2(react-dom@18.3.1(react@18.3.1))(react@18.3.1)
      '@rc-component/util': 1.13.0(react-dom@18.3.1(react@18.3.1))(react@18.3.1)
      clsx: 2.1.1
      react: 18.3.1
      react-dom: 18.3.1(react@18.3.1)

  '@types/prop-types@15.7.15': {}

  '@types/react@18.3.18':
    dependencies:
      '@types/prop-types': 15.7.15
      csstype: 3.2.3

  antd@6.6.3(react-dom@18.3.1(react@18.3.1))(react@18.3.1):
    dependencies:
      '@ant-design/colors': 8.0.1
      '@ant-design/cssinjs': 2.1.2(react-dom@18.3.1(react@18.3.1))(react@18.3.1)
      '@ant-design/cssinjs-utils': 2.1.2(react-dom@18.3.1(react@18.3.1))(react@18.3.1)
      '@ant-design/fast-color': 3.0.1
      '@ant-design/icons': 6.3.4(react-dom@18.3.1(react@18.3.1))(react@18.3.1)
      '@ant-design/react-slick': 2.0.0(react-dom@18.3.1(react@18.3.1))(react@18.3.1)
      '@babel/runtime': 7.29.7
      '@rc-component/cascader': 1.22.0(react-dom@18.3.1(react@18.3.1))(react@18.3.1)
      '@rc-component/checkbox': 2.0.0(react-dom@18.3.1(react@18.3.1))(react@18.3.1)
      '@rc-component/collapse': 1.2.0(react-dom@18.3.1(react@18.3.1))(react@18.3.1)
      '@rc-component/color-picker': 3.1.1(react-dom@18.3.1(react@18.3.1))(react@18.3.1)
      '@rc-component/dialog': 1.10.0(react-dom@18.3.1(react@18.3.1))(react@18.3.1)
      '@rc-component/drawer': 1.4.2(react-dom@18.3.1(react@18.3.1))(react@18.3.1)
      '@rc-component/dropdown': 1.0.3(react-dom@18.3.1(react@18.3.1))(react@18.3.1)
      '@rc-component/form': 1.8.6(react-dom@18.3.1(react@18.3.1))(react@18.3.1)
      '@rc-component/image': 1.10.0(react-dom@18.3.1(react@18.3.1))(react@18.3.1)
      '@rc-component/input': 1.3.1(react-dom@18.3.1(react@18.3.1))(react@18.3.1)
      '@rc-component/input-number': 1.6.2(react-dom@18.3.1(react@18.3.1))(react@18.3.1)
      '@rc-component/listy': 1.2.3(react-dom@18.3.1(react@18.3.1))(react@18.3.1)
      '@rc-component/mentions': 1.12.0(react-dom@18.3.1(react@18.3.1))(react@18.3.1)
      '@rc-component/menu': 1.5.0(react-dom@18.3.1(react@18.3.1))(react@18.3.1)
      '@rc-component/motion': 1.3.3(react-dom@18.3.1(react@18.3.1))(react@18.3.1)
      '@rc-component/mutate-observer': 2.0.1(react-dom@18.3.1(react@18.3.1))(react@18.3.1)
      '@rc-component/notification': 2.0.8(react-dom@18.3.1(react@18.3.1))(react@18.3.1)
      '@rc-component/pagination': 1.4.0(react-dom@18.3.1(react@18.3.1))(react@18.3.1)
      '@rc-component/picker': 1.12.2(dayjs@1.11.23)(react-dom@18.3.1(react@18.3.1))(react@18.3.1)
      '@rc-component/progress': 1.0.3(react-dom@18.3.1(react@18.3.1))(react@18.3.1)
      '@rc-component/qrcode': 2.0.0(react-dom@18.3.1(react@18.3.1))(react@18.3.1)
      '@rc-component/rate': 1.0.1(react-dom@18.3.1(react@18.3.1))(react@18.3.1)
      '@rc-component/resize-observer': 1.1.2(react-dom@18.3.1(react@18.3.1))(react@18.3.1)
      '@rc-component/segmented': 1.3.0(react-dom@18.3.1(react@18.3.1))(react@18.3.1)
      '@rc-component/select': 1.10.1(react-dom@18.3.1(react@18.3.1))(react@18.3.1)
      '@rc-component/slider': 1.1.1(react-dom@18.3.1(react@18.3.1))(react@18.3.1)
      '@rc-component/steps': 1.2.3(react-dom@18.3.1(react@18.3.1))(react@18.3.1)
      '@rc-component/switch': 1.0.3(react-dom@18.3.1(react@18.3.1))(react@18.3.1)
      '@rc-component/table': 1.11.1(react-dom@18.3.1(react@18.3.1))(react@18.3.1)
      '@rc-component/tabs': 1.13.0(react-dom@18.3.1(react@18.3.1))(react@18.3.1)
      '@rc-component/tooltip': 1.5.2(react-dom@18.3.1(react@18.3.1))(react@18.3.1)
      '@rc-component/tour': 2.4.0(react-dom@18.3.1(react@18.3.1))(react@18.3.1)
      '@rc-component/tree': 1.4.0(react-dom@18.3.1(react@18.3.1))(react@18.3.1)
      '@rc-component/tree-select': 1.16.1(react-dom@18.3.1(react@18.3.1))(react@18.3.1)
      '@rc-component/trigger': 3.10.1(react-dom@18.3.1(react@18.3.1))(react@18.3.1)
      '@rc-component/upload': 1.1.1(react-dom@18.3.1(react@18.3.1))(react@18.3.1)
      '@rc-component/util': 1.13.0(react-dom@18.3.1(react@18.3.1))(react@18.3.1)
      clsx: 2.1.1
      dayjs: 1.11.23
      react: 18.3.1
      react-dom: 18.3.1(react@18.3.1)
      scroll-into-view-if-needed: 3.1.0
      throttle-debounce: 5.0.2
    transitivePeerDependencies:
      - date-fns
      - luxon
      - moment

  chownr@3.0.0: {}

  clsx@2.1.1: {}

  compute-scroll-into-view@3.1.1: {}

  csstype@3.2.3: {}

  dayjs@1.11.23: {}

  esbuild@0.25.5:
    optionalDependencies:
      '@esbuild/aix-ppc64': 0.25.5
      '@esbuild/android-arm': 0.25.5
      '@esbuild/android-arm64': 0.25.5
      '@esbuild/android-x64': 0.25.5
      '@esbuild/darwin-arm64': 0.25.5
      '@esbuild/darwin-x64': 0.25.5
      '@esbuild/freebsd-arm64': 0.25.5
      '@esbuild/freebsd-x64': 0.25.5
      '@esbuild/linux-arm': 0.25.5
      '@esbuild/linux-arm64': 0.25.5
      '@esbuild/linux-ia32': 0.25.5
      '@esbuild/linux-loong64': 0.25.5
      '@esbuild/linux-mips64el': 0.25.5
      '@esbuild/linux-ppc64': 0.25.5
      '@esbuild/linux-riscv64': 0.25.5
      '@esbuild/linux-s390x': 0.25.5
      '@esbuild/linux-x64': 0.25.5
      '@esbuild/netbsd-arm64': 0.25.5
      '@esbuild/netbsd-x64': 0.25.5
      '@esbuild/openbsd-arm64': 0.25.5
      '@esbuild/openbsd-x64': 0.25.5
      '@esbuild/sunos-x64': 0.25.5
      '@esbuild/win32-arm64': 0.25.5
      '@esbuild/win32-ia32': 0.25.5
      '@esbuild/win32-x64': 0.25.5

  fsevents@2.3.2:
    optional: true

  is-mobile@5.0.0: {}

  js-tokens@4.0.0: {}

  json2mq@0.2.0:
    dependencies:
      string-convert: 0.2.1

  loose-envify@1.4.0:
    dependencies:
      js-tokens: 4.0.0

  lucide-react@0.468.0(react@18.3.1):
    dependencies:
      react: 18.3.1

  minipass@7.1.3: {}

  minizlib@3.1.0:
    dependencies:
      minipass: 7.1.3

  playwright-core@1.58.2: {}

  playwright@1.58.2:
    dependencies:
      playwright-core: 1.58.2
    optionalDependencies:
      fsevents: 2.3.2

  prettier@3.5.3: {}

  react-dom@18.3.1(react@18.3.1):
    dependencies:
      loose-envify: 1.4.0
      react: 18.3.1
      scheduler: 0.23.2

  react-is@19.2.8: {}

  react@18.3.1:
    dependencies:
      loose-envify: 1.4.0

  scheduler@0.23.2:
    dependencies:
      loose-envify: 1.4.0

  scroll-into-view-if-needed@3.1.0:
    dependencies:
      compute-scroll-into-view: 3.1.1

  string-convert@0.2.1: {}

  stylis@4.4.0: {}

  tar@7.5.22:
    dependencies:
      '@isaacs/fs-minipass': 4.0.1
      chownr: 3.0.0
      minipass: 7.1.3
      minizlib: 3.1.0
      yallist: 5.0.0

  throttle-debounce@5.0.2: {}

  typescript@5.8.3: {}

  yallist@5.0.0: {}
