lockfileVersion: '9.0'

settings:
  autoInstallPeers: true
  excludeLinksFromLockfile: false

importers:

  .:
    dependencies:
      '@deepseek-ai/cordis':
        specifier: 4.0.2
        version: 4.0.2
      '@deepseek-ai/dsh-llm':
        specifier: 0.1.3-alpha.2
        version: 0.1.3-alpha.2(@deepseek-ai/cordis@4.0.2)
      '@deepseek-ai/dsh-session':
        specifier: 0.1.3-alpha.2
        version: 0.1.3-alpha.2(@deepseek-ai/cordis@4.0.2)(@deepseek-ai/dsh-scope@0.1.3-alpha.2(@deepseek-ai/cordis@4.0.2)(@deepseek-ai/dsh-invariants@0.1.3-alpha.2(@deepseek-ai/cordis@4.0.2)))
      '@deepseek-ai/dsh-skill':
        specifier: 0.1.3-alpha.2
        version: 0.1.3-alpha.2(@deepseek-ai/cordis@4.0.2)(@deepseek-ai/dsh-llm@0.1.3-alpha.2(@deepseek-ai/cordis@4.0.2))(@deepseek-ai/dsh-scope@0.1.3-alpha.2(@deepseek-ai/cordis@4.0.2)(@deepseek-ai/dsh-invariants@0.1.3-alpha.2(@deepseek-ai/cordis@4.0.2)))
      '@deepseek-ai/dsh-tools':
        specifier: 0.1.3-alpha.2
        version: 0.1.3-alpha.2(b9204c495d3850b6216a3df3a444b8f7)
      '@deepseek-ai/dsh-typert-protocol':
        specifier: 0.1.3-alpha.2
        version: 0.1.3-alpha.2(@deepseek-ai/cordis@4.0.2)
      zod:
        specifier: 4.4.3
        version: 4.4.3

packages:

  '@deepseek-ai/cordis@4.0.2':
    resolution: {integrity: sha512-asOnXP1TzFSFQlHb1iegDZp0z/8WD1c7YNrwJR/Tx2bzNuMXfcekE/I67Iv6SQXeLB4csxqCngzQKANP7gdw0g==}
    hasBin: true
    peerDependencies:
      '@deepseek-ai/cordis-plugin-include': ^1.0.7
      '@deepseek-ai/cordis-plugin-loader': ^1.0.3
    peerDependenciesMeta:
      '@deepseek-ai/cordis-plugin-include':
        optional: true
      '@deepseek-ai/cordis-plugin-loader':
        optional: true

  '@deepseek-ai/cosmokit@1.8.3':
    resolution: {integrity: sha512-qBo+ronVM6Eu2WNVJXi8JcMiqZ19T9BRIpV+5qJUFPXjGH/Z0QKcQMC/IZJ7L394YTOtJgcovbk9qP0w2GsBXQ==}

  '@deepseek-ai/dsh-agent@0.1.3-alpha.2':
    resolution: {integrity: sha512-xm71HK7jEYHVqtfXaJW1ygAgyu1Id2wYBPxcqYVurCcxPijNHYhXMQqmFFpoonfgPivRk+dOM1Aj/RB797IzSA==}
    peerDependencies:
      '@deepseek-ai/cordis': ^4.0.2
      '@deepseek-ai/dsh-invariants': ^0.1.3-alpha.2
      '@deepseek-ai/dsh-llm': ^0.1.3-alpha.2
      '@deepseek-ai/dsh-scope': ^0.1.3-alpha.2
      '@deepseek-ai/dsh-session': ^0.1.3-alpha.2
      '@deepseek-ai/dsh-session-projection': ^0.1.3-alpha.2
      '@deepseek-ai/dsh-system-prompt': ^0.1.3-alpha.2
      '@deepseek-ai/dsh-typert-protocol': ^0.1.3-alpha.2

  '@deepseek-ai/dsh-brand@0.1.3-alpha.2':
    resolution: {integrity: sha512-3eLurldce0RAMyXZRQKqcEGYONfF+fUhvE++pfVku01TXea34UqGO64uCyNM0jliKuhoyz6n423/vEFz7j8CsQ==}
    peerDependencies:
      '@deepseek-ai/cordis': ^4.0.2

  '@deepseek-ai/dsh-code-runtime@0.1.3-alpha.2':
    resolution: {integrity: sha512-50RD0qivKlnocCZbur2NRz9/qBYEwQMORpy/yXeSM9mVPBXTvFihUhomfvTTNm8IAwfNKn2lWsfjFCGWsrTUtg==}
    peerDependencies:
      '@deepseek-ai/cordis': ^4.0.2

  '@deepseek-ai/dsh-invariants@0.1.3-alpha.2':
    resolution: {integrity: sha512-GJBfrJvDMejT04mOSQxJJmVnqcnQNduuSyoonVKB9YtoDL9g8kcreEUXw2X1sYc3w9RTpVJXSYldcomoIWcc+w==}
    peerDependencies:
      '@deepseek-ai/cordis': ^4.0.2

  '@deepseek-ai/dsh-llm@0.1.3-alpha.2':
    resolution: {integrity: sha512-FOCC2nyHuFNSMPGnN3djfaAWGFnsQAKtiFr6EknA1OsKHXVni6ymSxNRxG3jV+G4tCUnIYu9vb47UWbNJ7dMzA==}
    peerDependencies:
      '@deepseek-ai/cordis': ^4.0.2

  '@deepseek-ai/dsh-scope@0.1.3-alpha.2':
    resolution: {integrity: sha512-QPd2IiZo9tD+HS02HgKres0/VbToPccHAuduAM3dljWh0ylD5aOLqq6KYa5x8nPfUqi2UUJZzHJD7tZfFupVLQ==}
    peerDependencies:
      '@deepseek-ai/cordis': ^4.0.2
      '@deepseek-ai/dsh-invariants': ^0.1.3-alpha.2

  '@deepseek-ai/dsh-session-projection@0.1.3-alpha.2':
    resolution: {integrity: sha512-TFc4rR5I8kU9LsDwCAHXyLJwl0rzOifmUT4La7AblHTL3pm50QjZA6jS3x9mxVy+LGwcv4qhz66BaLiYd2aE5w==}
    peerDependencies:
      '@deepseek-ai/cordis': ^4.0.2
      '@deepseek-ai/dsh-session': ^0.1.3-alpha.2

  '@deepseek-ai/dsh-session@0.1.3-alpha.2':
    resolution: {integrity: sha512-eNPg1gY8Cdo9hjz/L/q63oTP5IISynQW9QAQiWSECcSaCN1b37TAkWc6JxtEvgNolo4O4Btg0EQZq7x6D2OFrw==}
    peerDependencies:
      '@deepseek-ai/cordis': ^4.0.2
      '@deepseek-ai/dsh-scope': ^0.1.3-alpha.2

  '@deepseek-ai/dsh-skill@0.1.3-alpha.2':
    resolution: {integrity: sha512-a6kJp7xS6PUPQmEwzPr/Yu59SK6gfNYGtwmQjAerZQsQAaRg2yCGcpfEZ82VmWMoAKF/MH7OmgeI45JNH73gWg==}
    peerDependencies:
      '@deepseek-ai/cordis': ^4.0.2
      '@deepseek-ai/dsh-llm': ^0.1.3-alpha.2
      '@deepseek-ai/dsh-scope': ^0.1.3-alpha.2

  '@deepseek-ai/dsh-system-prompt@0.1.3-alpha.2':
    resolution: {integrity: sha512-Qj/5SCirQS65i84VPOolEVdTH5b9mbHoG9kjgEgrAeI2as+jvW7gdEsy0LsnthwMAE8C+mP03LXiphwLTACpHA==}
    peerDependencies:
      '@deepseek-ai/cordis': ^4.0.2
      '@deepseek-ai/dsh-invariants': ^0.1.3-alpha.2
      '@deepseek-ai/dsh-llm': ^0.1.3-alpha.2
      '@deepseek-ai/dsh-scope': ^0.1.3-alpha.2

  '@deepseek-ai/dsh-timeout@0.1.3-alpha.2':
    resolution: {integrity: sha512-9tYqu0vk4j6THh4HW7nWB8lpn/sUS+vj2yooOYuiti5TdBv3gj02WiLGPJj/AfY1vXrkyBLWbyO4I9cN84SS2A==}
    peerDependencies:
      '@deepseek-ai/cordis': ^4.0.2

  '@deepseek-ai/dsh-tools@0.1.3-alpha.2':
    resolution: {integrity: sha512-7DGLcByrDcz2T86T9/GaHk1wzTj3ByeyRIiFDwok/ZsM4v1+f1Hj4iFCFtgqczSTMdAba0W+B9d3F/ew+tvcTg==}
    peerDependencies:
      '@deepseek-ai/cordis': ^4.0.2
      '@deepseek-ai/dsh-agent': ^0.1.3-alpha.2
      '@deepseek-ai/dsh-code-runtime': ^0.1.3-alpha.2
      '@deepseek-ai/dsh-invariants': ^0.1.3-alpha.2
      '@deepseek-ai/dsh-llm': ^0.1.3-alpha.2
      '@deepseek-ai/dsh-scope': ^0.1.3-alpha.2
      '@deepseek-ai/dsh-session': ^0.1.3-alpha.2
      '@deepseek-ai/dsh-system-prompt': ^0.1.3-alpha.2
      '@deepseek-ai/dsh-user-approval': ^0.1.3-alpha.2

  '@deepseek-ai/dsh-typert-protocol@0.1.3-alpha.2':
    resolution: {integrity: sha512-4vZ3ri+cKh+7tTcUao1mjm5keLsFi9TvQRhj1sBjFhssaL6jp7Bm3CImf2vITpQWlpYGQALPQDAtxofiLCPj9A==}
    peerDependencies:
      '@deepseek-ai/cordis': ^4.0.2

  '@deepseek-ai/dsh-user-approval@0.1.3-alpha.2':
    resolution: {integrity: sha512-OMOQt8qk5yhZ2Xqy6/fA4pipSPGYYqAQsRLzfMvNqPO87CCHUiZw6pjBAbS9hbNbf2MrFGoBgnWU5UCQWDMvHw==}
    peerDependencies:
      '@deepseek-ai/cordis': ^4.0.2
      '@deepseek-ai/dsh-agent': ^0.1.3-alpha.2
      '@deepseek-ai/dsh-brand': ^0.1.3-alpha.2
      '@deepseek-ai/dsh-invariants': ^0.1.3-alpha.2
      '@deepseek-ai/dsh-llm': ^0.1.3-alpha.2
      '@deepseek-ai/dsh-scope': ^0.1.3-alpha.2
      '@deepseek-ai/dsh-session': ^0.1.3-alpha.2
      '@deepseek-ai/dsh-system-prompt': ^0.1.3-alpha.2

  '@deepseek-ai/dsh-util-crypto@0.1.3-alpha.2':
    resolution: {integrity: sha512-0P0lH/eHIbhLqCTIbf/D6iY58ZZ7x3HsSOpKKVGOF6rPGWZNVF2QWo656XDByZGxlGN2UJOTkT2JXeaktHf/uA==}
    peerDependencies:
      '@deepseek-ai/cordis': ^4.0.2

  '@deepseek-ai/dsh-util-values@0.1.3-alpha.2':
    resolution: {integrity: sha512-YU5BIHx7jDEVhqCUFJ4AhF8gSJ3QgWOyYz79yy6hCd0Ng/IPGEQslHXUtUUPxFbLrTalmRmA7rlOYEo5yUfPkA==}
    peerDependencies:
      '@deepseek-ai/cordis': ^4.0.2

  '@deepseek-ai/schemastery@3.18.2':
    resolution: {integrity: sha512-njDtZsznjYxok7KLLlHOPyuv2efdWVbSflAHgztSfbMsg+CVraEoRe2DjOCgClYv3ZCSm7WXoaUkbB/+RY7tWQ==}

  '@standard-schema/spec@1.1.0':
    resolution: {integrity: sha512-l2aFy5jALhniG5HgqrD6jXLi/rUWrKvqN/qJx6yoJsgKhblVd+iqqU4RCXavm/jPityDo5TCvKMnpjKnOriy0w==}

  zod@4.4.3:
    resolution: {integrity: sha512-ytENFjIJFl2UwYglde2jchW2Hwm4GJFLDiSXWdTrJQBIN9Fcyp7n4DhxJEiWNAJMV1/BqWfW/kkg71UDcHJyTQ==}

snapshots:

  '@deepseek-ai/cordis@4.0.2':
    dependencies:
      '@deepseek-ai/cosmokit': 1.8.3
      '@standard-schema/spec': 1.1.0

  '@deepseek-ai/cosmokit@1.8.3': {}

  '@deepseek-ai/dsh-agent@0.1.3-alpha.2(8a6b2890fc43277c92629a7561891c34)':
    dependencies:
      '@deepseek-ai/cordis': 4.0.2
      '@deepseek-ai/dsh-invariants': 0.1.3-alpha.2(@deepseek-ai/cordis@4.0.2)
      '@deepseek-ai/dsh-llm': 0.1.3-alpha.2(@deepseek-ai/cordis@4.0.2)
      '@deepseek-ai/dsh-scope': 0.1.3-alpha.2(@deepseek-ai/cordis@4.0.2)(@deepseek-ai/dsh-invariants@0.1.3-alpha.2(@deepseek-ai/cordis@4.0.2))
      '@deepseek-ai/dsh-session': 0.1.3-alpha.2(@deepseek-ai/cordis@4.0.2)(@deepseek-ai/dsh-scope@0.1.3-alpha.2(@deepseek-ai/cordis@4.0.2)(@deepseek-ai/dsh-invariants@0.1.3-alpha.2(@deepseek-ai/cordis@4.0.2)))
      '@deepseek-ai/dsh-session-projection': 0.1.3-alpha.2(@deepseek-ai/cordis@4.0.2)(@deepseek-ai/dsh-session@0.1.3-alpha.2(@deepseek-ai/cordis@4.0.2)(@deepseek-ai/dsh-scope@0.1.3-alpha.2(@deepseek-ai/cordis@4.0.2)(@deepseek-ai/dsh-invariants@0.1.3-alpha.2(@deepseek-ai/cordis@4.0.2))))
      '@deepseek-ai/dsh-system-prompt': 0.1.3-alpha.2(@deepseek-ai/cordis@4.0.2)(@deepseek-ai/dsh-invariants@0.1.3-alpha.2(@deepseek-ai/cordis@4.0.2))(@deepseek-ai/dsh-llm@0.1.3-alpha.2(@deepseek-ai/cordis@4.0.2))(@deepseek-ai/dsh-scope@0.1.3-alpha.2(@deepseek-ai/cordis@4.0.2)(@deepseek-ai/dsh-invariants@0.1.3-alpha.2(@deepseek-ai/cordis@4.0.2)))
      '@deepseek-ai/dsh-typert-protocol': 0.1.3-alpha.2(@deepseek-ai/cordis@4.0.2)

  '@deepseek-ai/dsh-brand@0.1.3-alpha.2(@deepseek-ai/cordis@4.0.2)':
    dependencies:
      '@deepseek-ai/cordis': 4.0.2

  '@deepseek-ai/dsh-code-runtime@0.1.3-alpha.2(@deepseek-ai/cordis@4.0.2)':
    dependencies:
      '@deepseek-ai/cordis': 4.0.2

  '@deepseek-ai/dsh-invariants@0.1.3-alpha.2(@deepseek-ai/cordis@4.0.2)':
    dependencies:
      '@deepseek-ai/cordis': 4.0.2
      '@deepseek-ai/schemastery': 3.18.2

  '@deepseek-ai/dsh-llm@0.1.3-alpha.2(@deepseek-ai/cordis@4.0.2)':
    dependencies:
      '@deepseek-ai/cordis': 4.0.2
      '@deepseek-ai/dsh-brand': 0.1.3-alpha.2(@deepseek-ai/cordis@4.0.2)
      '@deepseek-ai/dsh-timeout': 0.1.3-alpha.2(@deepseek-ai/cordis@4.0.2)
      '@deepseek-ai/dsh-typert-protocol': 0.1.3-alpha.2(@deepseek-ai/cordis@4.0.2)
      '@deepseek-ai/dsh-util-crypto': 0.1.3-alpha.2(@deepseek-ai/cordis@4.0.2)
      '@deepseek-ai/dsh-util-values': 0.1.3-alpha.2(@deepseek-ai/cordis@4.0.2)
      '@deepseek-ai/schemastery': 3.18.2
      zod: 4.4.3

  '@deepseek-ai/dsh-scope@0.1.3-alpha.2(@deepseek-ai/cordis@4.0.2)(@deepseek-ai/dsh-invariants@0.1.3-alpha.2(@deepseek-ai/cordis@4.0.2))':
    dependencies:
      '@deepseek-ai/cordis': 4.0.2
      '@deepseek-ai/dsh-invariants': 0.1.3-alpha.2(@deepseek-ai/cordis@4.0.2)

  '@deepseek-ai/dsh-session-projection@0.1.3-alpha.2(@deepseek-ai/cordis@4.0.2)(@deepseek-ai/dsh-session@0.1.3-alpha.2(@deepseek-ai/cordis@4.0.2)(@deepseek-ai/dsh-scope@0.1.3-alpha.2(@deepseek-ai/cordis@4.0.2)(@deepseek-ai/dsh-invariants@0.1.3-alpha.2(@deepseek-ai/cordis@4.0.2))))':
    dependencies:
      '@deepseek-ai/cordis': 4.0.2
      '@deepseek-ai/dsh-session': 0.1.3-alpha.2(@deepseek-ai/cordis@4.0.2)(@deepseek-ai/dsh-scope@0.1.3-alpha.2(@deepseek-ai/cordis@4.0.2)(@deepseek-ai/dsh-invariants@0.1.3-alpha.2(@deepseek-ai/cordis@4.0.2)))
      zod: 4.4.3

  '@deepseek-ai/dsh-session@0.1.3-alpha.2(@deepseek-ai/cordis@4.0.2)(@deepseek-ai/dsh-scope@0.1.3-alpha.2(@deepseek-ai/cordis@4.0.2)(@deepseek-ai/dsh-invariants@0.1.3-alpha.2(@deepseek-ai/cordis@4.0.2)))':
    dependencies:
      '@deepseek-ai/cordis': 4.0.2
      '@deepseek-ai/dsh-brand': 0.1.3-alpha.2(@deepseek-ai/cordis@4.0.2)
      '@deepseek-ai/dsh-llm': 0.1.3-alpha.2(@deepseek-ai/cordis@4.0.2)
      '@deepseek-ai/dsh-scope': 0.1.3-alpha.2(@deepseek-ai/cordis@4.0.2)(@deepseek-ai/dsh-invariants@0.1.3-alpha.2(@deepseek-ai/cordis@4.0.2))
      '@deepseek-ai/dsh-util-values': 0.1.3-alpha.2(@deepseek-ai/cordis@4.0.2)

  '@deepseek-ai/dsh-skill@0.1.3-alpha.2(@deepseek-ai/cordis@4.0.2)(@deepseek-ai/dsh-llm@0.1.3-alpha.2(@deepseek-ai/cordis@4.0.2))(@deepseek-ai/dsh-scope@0.1.3-alpha.2(@deepseek-ai/cordis@4.0.2)(@deepseek-ai/dsh-invariants@0.1.3-alpha.2(@deepseek-ai/cordis@4.0.2)))':
    dependencies:
      '@deepseek-ai/cordis': 4.0.2
      '@deepseek-ai/dsh-llm': 0.1.3-alpha.2(@deepseek-ai/cordis@4.0.2)
      '@deepseek-ai/dsh-scope': 0.1.3-alpha.2(@deepseek-ai/cordis@4.0.2)(@deepseek-ai/dsh-invariants@0.1.3-alpha.2(@deepseek-ai/cordis@4.0.2))
      '@deepseek-ai/dsh-util-values': 0.1.3-alpha.2(@deepseek-ai/cordis@4.0.2)
      '@deepseek-ai/schemastery': 3.18.2

  '@deepseek-ai/dsh-system-prompt@0.1.3-alpha.2(@deepseek-ai/cordis@4.0.2)(@deepseek-ai/dsh-invariants@0.1.3-alpha.2(@deepseek-ai/cordis@4.0.2))(@deepseek-ai/dsh-llm@0.1.3-alpha.2(@deepseek-ai/cordis@4.0.2))(@deepseek-ai/dsh-scope@0.1.3-alpha.2(@deepseek-ai/cordis@4.0.2)(@deepseek-ai/dsh-invariants@0.1.3-alpha.2(@deepseek-ai/cordis@4.0.2)))':
    dependencies:
      '@deepseek-ai/cordis': 4.0.2
      '@deepseek-ai/dsh-invariants': 0.1.3-alpha.2(@deepseek-ai/cordis@4.0.2)
      '@deepseek-ai/dsh-llm': 0.1.3-alpha.2(@deepseek-ai/cordis@4.0.2)
      '@deepseek-ai/dsh-scope': 0.1.3-alpha.2(@deepseek-ai/cordis@4.0.2)(@deepseek-ai/dsh-invariants@0.1.3-alpha.2(@deepseek-ai/cordis@4.0.2))
      '@deepseek-ai/schemastery': 3.18.2

  '@deepseek-ai/dsh-timeout@0.1.3-alpha.2(@deepseek-ai/cordis@4.0.2)':
    dependencies:
      '@deepseek-ai/cordis': 4.0.2

  '@deepseek-ai/dsh-tools@0.1.3-alpha.2(b9204c495d3850b6216a3df3a444b8f7)':
    dependencies:
      '@deepseek-ai/cordis': 4.0.2
      '@deepseek-ai/dsh-agent': 0.1.3-alpha.2(8a6b2890fc43277c92629a7561891c34)
      '@deepseek-ai/dsh-brand': 0.1.3-alpha.2(@deepseek-ai/cordis@4.0.2)
      '@deepseek-ai/dsh-code-runtime': 0.1.3-alpha.2(@deepseek-ai/cordis@4.0.2)
      '@deepseek-ai/dsh-invariants': 0.1.3-alpha.2(@deepseek-ai/cordis@4.0.2)
      '@deepseek-ai/dsh-llm': 0.1.3-alpha.2(@deepseek-ai/cordis@4.0.2)
      '@deepseek-ai/dsh-scope': 0.1.3-alpha.2(@deepseek-ai/cordis@4.0.2)(@deepseek-ai/dsh-invariants@0.1.3-alpha.2(@deepseek-ai/cordis@4.0.2))
      '@deepseek-ai/dsh-session': 0.1.3-alpha.2(@deepseek-ai/cordis@4.0.2)(@deepseek-ai/dsh-scope@0.1.3-alpha.2(@deepseek-ai/cordis@4.0.2)(@deepseek-ai/dsh-invariants@0.1.3-alpha.2(@deepseek-ai/cordis@4.0.2)))
      '@deepseek-ai/dsh-system-prompt': 0.1.3-alpha.2(@deepseek-ai/cordis@4.0.2)(@deepseek-ai/dsh-invariants@0.1.3-alpha.2(@deepseek-ai/cordis@4.0.2))(@deepseek-ai/dsh-llm@0.1.3-alpha.2(@deepseek-ai/cordis@4.0.2))(@deepseek-ai/dsh-scope@0.1.3-alpha.2(@deepseek-ai/cordis@4.0.2)(@deepseek-ai/dsh-invariants@0.1.3-alpha.2(@deepseek-ai/cordis@4.0.2)))
      '@deepseek-ai/dsh-user-approval': 0.1.3-alpha.2(@deepseek-ai/cordis@4.0.2)(@deepseek-ai/dsh-agent@0.1.3-alpha.2(8a6b2890fc43277c92629a7561891c34))(@deepseek-ai/dsh-brand@0.1.3-alpha.2(@deepseek-ai/cordis@4.0.2))(@deepseek-ai/dsh-invariants@0.1.3-alpha.2(@deepseek-ai/cordis@4.0.2))(@deepseek-ai/dsh-llm@0.1.3-alpha.2(@deepseek-ai/cordis@4.0.2))(@deepseek-ai/dsh-scope@0.1.3-alpha.2(@deepseek-ai/cordis@4.0.2)(@deepseek-ai/dsh-invariants@0.1.3-alpha.2(@deepseek-ai/cordis@4.0.2)))(@deepseek-ai/dsh-session@0.1.3-alpha.2(@deepseek-ai/cordis@4.0.2)(@deepseek-ai/dsh-scope@0.1.3-alpha.2(@deepseek-ai/cordis@4.0.2)(@deepseek-ai/dsh-invariants@0.1.3-alpha.2(@deepseek-ai/cordis@4.0.2))))(@deepseek-ai/dsh-system-prompt@0.1.3-alpha.2(@deepseek-ai/cordis@4.0.2)(@deepseek-ai/dsh-invariants@0.1.3-alpha.2(@deepseek-ai/cordis@4.0.2))(@deepseek-ai/dsh-llm@0.1.3-alpha.2(@deepseek-ai/cordis@4.0.2))(@deepseek-ai/dsh-scope@0.1.3-alpha.2(@deepseek-ai/cordis@4.0.2)(@deepseek-ai/dsh-invariants@0.1.3-alpha.2(@deepseek-ai/cordis@4.0.2))))
      '@deepseek-ai/dsh-util-values': 0.1.3-alpha.2(@deepseek-ai/cordis@4.0.2)
      '@deepseek-ai/schemastery': 3.18.2

  '@deepseek-ai/dsh-typert-protocol@0.1.3-alpha.2(@deepseek-ai/cordis@4.0.2)':
    dependencies:
      '@deepseek-ai/cordis': 4.0.2

  '@deepseek-ai/dsh-user-approval@0.1.3-alpha.2(@deepseek-ai/cordis@4.0.2)(@deepseek-ai/dsh-agent@0.1.3-alpha.2(8a6b2890fc43277c92629a7561891c34))(@deepseek-ai/dsh-brand@0.1.3-alpha.2(@deepseek-ai/cordis@4.0.2))(@deepseek-ai/dsh-invariants@0.1.3-alpha.2(@deepseek-ai/cordis@4.0.2))(@deepseek-ai/dsh-llm@0.1.3-alpha.2(@deepseek-ai/cordis@4.0.2))(@deepseek-ai/dsh-scope@0.1.3-alpha.2(@deepseek-ai/cordis@4.0.2)(@deepseek-ai/dsh-invariants@0.1.3-alpha.2(@deepseek-ai/cordis@4.0.2)))(@deepseek-ai/dsh-session@0.1.3-alpha.2(@deepseek-ai/cordis@4.0.2)(@deepseek-ai/dsh-scope@0.1.3-alpha.2(@deepseek-ai/cordis@4.0.2)(@deepseek-ai/dsh-invariants@0.1.3-alpha.2(@deepseek-ai/cordis@4.0.2))))(@deepseek-ai/dsh-system-prompt@0.1.3-alpha.2(@deepseek-ai/cordis@4.0.2)(@deepseek-ai/dsh-invariants@0.1.3-alpha.2(@deepseek-ai/cordis@4.0.2))(@deepseek-ai/dsh-llm@0.1.3-alpha.2(@deepseek-ai/cordis@4.0.2))(@deepseek-ai/dsh-scope@0.1.3-alpha.2(@deepseek-ai/cordis@4.0.2)(@deepseek-ai/dsh-invariants@0.1.3-alpha.2(@deepseek-ai/cordis@4.0.2))))':
    dependencies:
      '@deepseek-ai/cordis': 4.0.2
      '@deepseek-ai/dsh-agent': 0.1.3-alpha.2(8a6b2890fc43277c92629a7561891c34)
      '@deepseek-ai/dsh-brand': 0.1.3-alpha.2(@deepseek-ai/cordis@4.0.2)
      '@deepseek-ai/dsh-invariants': 0.1.3-alpha.2(@deepseek-ai/cordis@4.0.2)
      '@deepseek-ai/dsh-llm': 0.1.3-alpha.2(@deepseek-ai/cordis@4.0.2)
      '@deepseek-ai/dsh-scope': 0.1.3-alpha.2(@deepseek-ai/cordis@4.0.2)(@deepseek-ai/dsh-invariants@0.1.3-alpha.2(@deepseek-ai/cordis@4.0.2))
      '@deepseek-ai/dsh-session': 0.1.3-alpha.2(@deepseek-ai/cordis@4.0.2)(@deepseek-ai/dsh-scope@0.1.3-alpha.2(@deepseek-ai/cordis@4.0.2)(@deepseek-ai/dsh-invariants@0.1.3-alpha.2(@deepseek-ai/cordis@4.0.2)))
      '@deepseek-ai/dsh-system-prompt': 0.1.3-alpha.2(@deepseek-ai/cordis@4.0.2)(@deepseek-ai/dsh-invariants@0.1.3-alpha.2(@deepseek-ai/cordis@4.0.2))(@deepseek-ai/dsh-llm@0.1.3-alpha.2(@deepseek-ai/cordis@4.0.2))(@deepseek-ai/dsh-scope@0.1.3-alpha.2(@deepseek-ai/cordis@4.0.2)(@deepseek-ai/dsh-invariants@0.1.3-alpha.2(@deepseek-ai/cordis@4.0.2)))
      '@deepseek-ai/schemastery': 3.18.2

  '@deepseek-ai/dsh-util-crypto@0.1.3-alpha.2(@deepseek-ai/cordis@4.0.2)':
    dependencies:
      '@deepseek-ai/cordis': 4.0.2

  '@deepseek-ai/dsh-util-values@0.1.3-alpha.2(@deepseek-ai/cordis@4.0.2)':
    dependencies:
      '@deepseek-ai/cordis': 4.0.2

  '@deepseek-ai/schemastery@3.18.2':
    dependencies:
      '@deepseek-ai/cosmokit': 1.8.3
      '@standard-schema/spec': 1.1.0

  '@standard-schema/spec@1.1.0': {}

  zod@4.4.3: {}
